// !$*UTF8*$!
{
	archiveVersion = 1;
	classes = {
	};
	objectVersion = 46;
	objects = {

/* Begin PBXBuildFile section */
		000826FF1B6A34DE001E8248 /* Router.swift in Sources */ = {isa = PBXBuildFile; fileRef = 000826FE1B6A34DE001E8248 /* Router.swift */; };
		000827011B6A57A5001E8248 /* ModuleType.swift in Sources */ = {isa = PBXBuildFile; fileRef = 000827001B6A57A5001E8248 /* ModuleType.swift */; };
		00121E8F1BF33B5C00FD656F /* CoreManager+Modules.swift in Sources */ = {isa = PBXBuildFile; fileRef = 00121E8E1BF33B5B00FD656F /* CoreManager+Modules.swift */; };
		001C96C91D268F9C00126DD9 /* libsqlite3.tbd in Frameworks */ = {isa = PBXBuildFile; fileRef = 008E2B021C51320C00FACAB2 /* libsqlite3.tbd */; };
		00396E3B1D51E9EE00594D0A /* MobileProvisionParser.swift in Sources */ = {isa = PBXBuildFile; fileRef = 00396E3A1D51E9EE00594D0A /* MobileProvisionParser.swift */; };
		003B75F81C969E9800F05202 /* ParameterEncoding.swift in Sources */ = {isa = PBXBuildFile; fileRef = 003B75F71C969E9800F05202 /* ParameterEncoding.swift */; };
		0045393B1B67E8170060C30B /* Module.swift in Sources */ = {isa = PBXBuildFile; fileRef = 0045393A1B67E8170060C30B /* Module.swift */; };
		004790FC1C915C6C00C24741 /* HaloObjC.h in Headers */ = {isa = PBXBuildFile; fileRef = 004790FB1C915C6C00C24741 /* HaloObjC.h */; settings = {ATTRIBUTES = (Public, ); }; };
		004791011C915C8000C24741 /* Halo.framework in Frameworks */ = {isa = PBXBuildFile; fileRef = 006A5FAD1B318CAC0045395A /* Halo.framework */; };
		004791031C915CD100C24741 /* HaloManager.swift in Sources */ = {isa = PBXBuildFile; fileRef = 004791021C915CD100C24741 /* HaloManager.swift */; };
		004791051C915D1100C24741 /* HaloCoreManager.swift in Sources */ = {isa = PBXBuildFile; fileRef = 004791041C915D1100C24741 /* HaloCoreManager.swift */; };
		004791071C915D4A00C24741 /* HaloGeneralContentManager.swift in Sources */ = {isa = PBXBuildFile; fileRef = 004791061C915D4A00C24741 /* HaloGeneralContentManager.swift */; };
		004C73C51D09657A005A14FB /* SearchFilterHelper.swift in Sources */ = {isa = PBXBuildFile; fileRef = 004C73C41D09657A005A14FB /* SearchFilterHelper.swift */; };
		004FEC721BCFB788004216EE /* Nimble.framework in Frameworks */ = {isa = PBXBuildFile; fileRef = 004FEC6F1BCFB788004216EE /* Nimble.framework */; };
		004FEC731BCFB788004216EE /* OHHTTPStubs.framework in Frameworks */ = {isa = PBXBuildFile; fileRef = 004FEC701BCFB788004216EE /* OHHTTPStubs.framework */; };
		004FEC741BCFB788004216EE /* Quick.framework in Frameworks */ = {isa = PBXBuildFile; fileRef = 004FEC711BCFB788004216EE /* Quick.framework */; };
		004FEC7F1BD0DCF6004216EE /* adara.aiff in Resources */ = {isa = PBXBuildFile; fileRef = 00921B6C1BBBD2CE00B79B50 /* adara.aiff */; };
		004FEC801BD0DCF6004216EE /* alya.aiff in Resources */ = {isa = PBXBuildFile; fileRef = 00921B6D1BBBD2CE00B79B50 /* alya.aiff */; };
		004FEC811BD0DCF6004216EE /* antimony.aiff in Resources */ = {isa = PBXBuildFile; fileRef = 00921B6E1BBBD2CE00B79B50 /* antimony.aiff */; };
		004FEC821BD0DCF6004216EE /* argon.aiff in Resources */ = {isa = PBXBuildFile; fileRef = 00921B6F1BBBD2CE00B79B50 /* argon.aiff */; };
		004FEC831BD0DCF6004216EE /* ariel.aiff in Resources */ = {isa = PBXBuildFile; fileRef = 00921B701BBBD2CE00B79B50 /* ariel.aiff */; };
		004FEC841BD0DCF6004216EE /* beryllium.aiff in Resources */ = {isa = PBXBuildFile; fileRef = 00921B711BBBD2CE00B79B50 /* beryllium.aiff */; };
		004FEC851BD0DCF6004216EE /* blip.aiff in Resources */ = {isa = PBXBuildFile; fileRef = 00921B721BBBD2CE00B79B50 /* blip.aiff */; };
		004FEC861BD0DCF6004216EE /* carme.aiff in Resources */ = {isa = PBXBuildFile; fileRef = 00921B731BBBD2CE00B79B50 /* carme.aiff */; };
		004FEC871BD0DCF6004216EE /* castor.aiff in Resources */ = {isa = PBXBuildFile; fileRef = 00921B741BBBD2CE00B79B50 /* castor.aiff */; };
		004FEC881BD0DCF6004216EE /* ceres.aiff in Resources */ = {isa = PBXBuildFile; fileRef = 00921B751BBBD2CE00B79B50 /* ceres.aiff */; };
		004FEC891BD0DCF6004216EE /* chime.aiff in Resources */ = {isa = PBXBuildFile; fileRef = 00921B761BBBD2CE00B79B50 /* chime.aiff */; };
		004FEC8A1BD0DCF6004216EE /* cobalt.aiff in Resources */ = {isa = PBXBuildFile; fileRef = 00921B771BBBD2CE00B79B50 /* cobalt.aiff */; };
		004FEC8B1BD0DCF6004216EE /* cyanmessage.aiff in Resources */ = {isa = PBXBuildFile; fileRef = 00921B781BBBD2CE00B79B50 /* cyanmessage.aiff */; };
		004FEC8C1BD0DCF6004216EE /* dontpanic.aiff in Resources */ = {isa = PBXBuildFile; fileRef = 00921B791BBBD2CE00B79B50 /* dontpanic.aiff */; };
		004FEC8D1BD0DCF6004216EE /* elara.aiff in Resources */ = {isa = PBXBuildFile; fileRef = 00921B7A1BBBD2CE00B79B50 /* elara.aiff */; };
		004FEC8E1BD0DCF6004216EE /* element.aiff in Resources */ = {isa = PBXBuildFile; fileRef = 00921B7B1BBBD2CE00B79B50 /* element.aiff */; };
		004FEC8F1BD0DCF6004216EE /* europa.aiff in Resources */ = {isa = PBXBuildFile; fileRef = 00921B7C1BBBD2CE00B79B50 /* europa.aiff */; };
		004FEC901BD0DCF6004216EE /* f1_missedcall.aiff in Resources */ = {isa = PBXBuildFile; fileRef = 00921B7D1BBBD2CE00B79B50 /* f1_missedcall.aiff */; };
		004FEC911BD0DCF6004216EE /* f1_new_sms.aiff in Resources */ = {isa = PBXBuildFile; fileRef = 00921B7E1BBBD2CE00B79B50 /* f1_new_sms.aiff */; };
		004FEC921BD0DCF6004216EE /* fluorine.aiff in Resources */ = {isa = PBXBuildFile; fileRef = 00921B7F1BBBD2CE00B79B50 /* fluorine.aiff */; };
		004FEC931BD0DCF6004216EE /* hello.aiff in Resources */ = {isa = PBXBuildFile; fileRef = 00921B801BBBD2CE00B79B50 /* hello.aiff */; };
		004FEC941BD0DCF6004216EE /* hojus.aiff in Resources */ = {isa = PBXBuildFile; fileRef = 00921B811BBBD2CE00B79B50 /* hojus.aiff */; };
		004FEC951BD0DCF6004216EE /* ivory.aiff in Resources */ = {isa = PBXBuildFile; fileRef = 00921B821BBBD2CE00B79B50 /* ivory.aiff */; };
		004FEC961BD0DCF6004216EE /* mira.aiff in Resources */ = {isa = PBXBuildFile; fileRef = 00921B831BBBD2CE00B79B50 /* mira.aiff */; };
		004FEC971BD0DCF6004216EE /* modular.aiff in Resources */ = {isa = PBXBuildFile; fileRef = 00921B841BBBD2CE00B79B50 /* modular.aiff */; };
		004FEC981BD0DCF6004216EE /* moto.aiff in Resources */ = {isa = PBXBuildFile; fileRef = 00921B851BBBD2CE00B79B50 /* moto.aiff */; };
		004FEC991BD0DCF6004216EE /* natural.aiff in Resources */ = {isa = PBXBuildFile; fileRef = 00921B861BBBD2CE00B79B50 /* natural.aiff */; };
		004FEC9A1BD0DCF6004216EE /* organic.aiff in Resources */ = {isa = PBXBuildFile; fileRef = 00921B871BBBD2CE00B79B50 /* organic.aiff */; };
		004FEC9B1BD0DCF6004216EE /* ping.aiff in Resources */ = {isa = PBXBuildFile; fileRef = 00921B881BBBD2CE00B79B50 /* ping.aiff */; };
		004FEC9C1BD0DCF6004216EE /* pixiedust.aiff in Resources */ = {isa = PBXBuildFile; fileRef = 00921B891BBBD2CE00B79B50 /* pixiedust.aiff */; };
		004FEC9D1BD0DCF6004216EE /* pizzicato.aiff in Resources */ = {isa = PBXBuildFile; fileRef = 00921B8A1BBBD2CE00B79B50 /* pizzicato.aiff */; };
		004FEC9E1BD0DCF6004216EE /* proxima.aiff in Resources */ = {isa = PBXBuildFile; fileRef = 00921B8B1BBBD2CE00B79B50 /* proxima.aiff */; };
		004FEC9F1BD0DCF6004216EE /* radon.aiff in Resources */ = {isa = PBXBuildFile; fileRef = 00921B8C1BBBD2CE00B79B50 /* radon.aiff */; };
		004FECA01BD0DCF6004216EE /* rhea.aiff in Resources */ = {isa = PBXBuildFile; fileRef = 00921B8D1BBBD2CE00B79B50 /* rhea.aiff */; };
		004FECA11BD0DCF6004216EE /* selenium.aiff in Resources */ = {isa = PBXBuildFile; fileRef = 00921B8E1BBBD2CE00B79B50 /* selenium.aiff */; };
		004FECA21BD0DCF6004216EE /* sirius.aiff in Resources */ = {isa = PBXBuildFile; fileRef = 00921B8F1BBBD2CE00B79B50 /* sirius.aiff */; };
		004FECA31BD0DCF6004216EE /* tada.aiff in Resources */ = {isa = PBXBuildFile; fileRef = 00921B901BBBD2CE00B79B50 /* tada.aiff */; };
		004FECA41BD0DCF6004216EE /* tethys.aiff in Resources */ = {isa = PBXBuildFile; fileRef = 00921B911BBBD2CE00B79B50 /* tethys.aiff */; };
		004FECA51BD0DCF6004216EE /* upsilon.aiff in Resources */ = {isa = PBXBuildFile; fileRef = 00921B921BBBD2CE00B79B50 /* upsilon.aiff */; };
		004FECA61BD0DCF6004216EE /* voila.aiff in Resources */ = {isa = PBXBuildFile; fileRef = 00921B931BBBD2CE00B79B50 /* voila.aiff */; };
		005034B21C92B11300362A8F /* HaloRequest.swift in Sources */ = {isa = PBXBuildFile; fileRef = 005034B11C92B11300362A8F /* HaloRequest.swift */; };
		0053907E1B8C620B0036F579 /* oauth_success.json in Resources */ = {isa = PBXBuildFile; fileRef = 0053907D1B8C620B0036F579 /* oauth_success.json */; };
		005390821B8C655C0036F579 /* oauth_failure.json in Resources */ = {isa = PBXBuildFile; fileRef = 005390811B8C655C0036F579 /* oauth_failure.json */; };
		005390841B8C67B80036F579 /* module_list_success.json in Resources */ = {isa = PBXBuildFile; fileRef = 005390831B8C67B80036F579 /* module_list_success.json */; };
		005390861B8DB7590036F579 /* NetworkManager+User.swift in Sources */ = {isa = PBXBuildFile; fileRef = 005390851B8DB7590036F579 /* NetworkManager+User.swift */; };
		005421641CC76D230055B553 /* NSDate+Utils.swift in Sources */ = {isa = PBXBuildFile; fileRef = 005421601CC76D230055B553 /* NSDate+Utils.swift */; };
		005421651CC76D230055B553 /* NSURLRequest+cURL.swift in Sources */ = {isa = PBXBuildFile; fileRef = 005421611CC76D230055B553 /* NSURLRequest+cURL.swift */; };
		005421661CC76D230055B553 /* UIDevice+Extra.swift in Sources */ = {isa = PBXBuildFile; fileRef = 005421621CC76D230055B553 /* UIDevice+Extra.swift */; };
		005421671CC76D230055B553 /* UIImage+Async.swift in Sources */ = {isa = PBXBuildFile; fileRef = 005421631CC76D230055B553 /* UIImage+Async.swift */; };
		005421691CC785210055B553 /* Protocols.swift in Sources */ = {isa = PBXBuildFile; fileRef = 005421681CC785210055B553 /* Protocols.swift */; };
		005677F41CABC8E900B6A4F3 /* SearchOptions.swift in Sources */ = {isa = PBXBuildFile; fileRef = 005677F31CABC8E900B6A4F3 /* SearchOptions.swift */; };
		005DF3121B998BB500149B40 /* GeneralContentSpec.swift in Sources */ = {isa = PBXBuildFile; fileRef = 005DF3111B998BB500149B40 /* GeneralContentSpec.swift */; };
		005E1ED61C69FFE800ED8763 /* Result.swift in Sources */ = {isa = PBXBuildFile; fileRef = 005E1ED51C69FFE800ED8763 /* Result.swift */; };
		005E1EFF1C6BEE2500ED8763 /* Request.swift in Sources */ = {isa = PBXBuildFile; fileRef = 005E1EFE1C6BEE2500ED8763 /* Request.swift */; };
		0068D27C1B6778CA00B1E147 /* Token.swift in Sources */ = {isa = PBXBuildFile; fileRef = 0068D27B1B6778CA00B1E147 /* Token.swift */; };
		006A5FBF1B318CAC0045395A /* CoreSpec.swift in Sources */ = {isa = PBXBuildFile; fileRef = 006A5FBE1B318CAC0045395A /* CoreSpec.swift */; };
		006A60221B318DCC0045395A /* Manager.swift in Sources */ = {isa = PBXBuildFile; fileRef = 006A60211B318DCC0045395A /* Manager.swift */; };
		006CB9B61B870FB800EB872E /* User.swift in Sources */ = {isa = PBXBuildFile; fileRef = 006CB9B51B870FB800EB872E /* User.swift */; };
		006CB9B81B870FC400EB872E /* Tag.swift in Sources */ = {isa = PBXBuildFile; fileRef = 006CB9B71B870FC400EB872E /* Tag.swift */; };
		006CB9BA1B87116D00EB872E /* UserDevice.swift in Sources */ = {isa = PBXBuildFile; fileRef = 006CB9B91B87116D00EB872E /* UserDevice.swift */; };
		0073E6581BBE804400365DBD /* HaloAppDelegate.swift in Sources */ = {isa = PBXBuildFile; fileRef = 0073E6571BBE804400365DBD /* HaloAppDelegate.swift */; };
		007F78FF1B71F844004D1C22 /* ContentInstance.swift in Sources */ = {isa = PBXBuildFile; fileRef = 007F78FE1B71F844004D1C22 /* ContentInstance.swift */; };
		0082D9C11B987BE400298AB8 /* ModelSpec.swift in Sources */ = {isa = PBXBuildFile; fileRef = 0082D9C01B987BE400298AB8 /* ModelSpec.swift */; };
		0082D9C31B98911200298AB8 /* instance_list_success.json in Resources */ = {isa = PBXBuildFile; fileRef = 0082D9C21B98911200298AB8 /* instance_list_success.json */; };
		0086F52E1B6C20C2001F70DE /* ContentManager.swift in Sources */ = {isa = PBXBuildFile; fileRef = 0086F52D1B6C20C2001F70DE /* ContentManager.swift */; };
		008DB38B1CEA15D9001D6CDB /* Errors.swift in Sources */ = {isa = PBXBuildFile; fileRef = 008DB38A1CEA15D9001D6CDB /* Errors.swift */; };
		008E2B071C5132DC00FACAB2 /* SystemConfiguration.framework in Frameworks */ = {isa = PBXBuildFile; fileRef = 008E2B061C5132DC00FACAB2 /* SystemConfiguration.framework */; };
		0090DFCF1C89BF9500BAF181 /* CloudinaryURL.swift in Sources */ = {isa = PBXBuildFile; fileRef = 0090DFCE1C89BF9500BAF181 /* CloudinaryURL.swift */; };
		0090DFD11C89E08200BAF181 /* CloudinaryURLOptions.swift in Sources */ = {isa = PBXBuildFile; fileRef = 0090DFD01C89E08200BAF181 /* CloudinaryURLOptions.swift */; };
		0094A3201B70A6A600DED864 /* NetworkManager.swift in Sources */ = {isa = PBXBuildFile; fileRef = 0094A31F1B70A6A600DED864 /* NetworkManager.swift */; };
		009961581C32A2F200EC72F9 /* Nimble.framework in CopyFiles */ = {isa = PBXBuildFile; fileRef = 004FEC6F1BCFB788004216EE /* Nimble.framework */; settings = {ATTRIBUTES = (CodeSignOnCopy, RemoveHeadersOnCopy, ); }; };
		009961591C32A2F200EC72F9 /* OHHTTPStubs.framework in CopyFiles */ = {isa = PBXBuildFile; fileRef = 004FEC701BCFB788004216EE /* OHHTTPStubs.framework */; settings = {ATTRIBUTES = (CodeSignOnCopy, RemoveHeadersOnCopy, ); }; };
		0099615A1C32A2F200EC72F9 /* Quick.framework in CopyFiles */ = {isa = PBXBuildFile; fileRef = 004FEC711BCFB788004216EE /* Quick.framework */; settings = {ATTRIBUTES = (CodeSignOnCopy, RemoveHeadersOnCopy, ); }; };
		00A409221D0FE72F005D4FB0 /* Foundation.framework in Frameworks */ = {isa = PBXBuildFile; fileRef = 00A409211D0FE72F005D4FB0 /* Foundation.framework */; };
		00AA69501D268E5B00F0C455 /* libz.tbd in Frameworks */ = {isa = PBXBuildFile; fileRef = 008E2B5A1C524DAB00FACAB2 /* libz.tbd */; };
		00BBE04F1CBD2B1500B118AF /* Locale.swift in Sources */ = {isa = PBXBuildFile; fileRef = 00BBE04E1CBD2B1500B118AF /* Locale.swift */; };
		00DD96C21BD02F0200AF65CA /* halo.cer in Resources */ = {isa = PBXBuildFile; fileRef = 006238251BCE5B8900E614B3 /* halo.cer */; };
		00E043CF1C848723008270DE /* CoreManager.swift in Sources */ = {isa = PBXBuildFile; fileRef = 00E043CE1C848723008270DE /* CoreManager.swift */; };
		00E508391CB691EB00B4B5AE /* SearchFilter.swift in Sources */ = {isa = PBXBuildFile; fileRef = 00E508381CB691EB00B4B5AE /* SearchFilter.swift */; };
		00EC9D371C43F72F00A3291D /* Credentials.swift in Sources */ = {isa = PBXBuildFile; fileRef = 00EC9D361C43F72F00A3291D /* Credentials.swift */; };
		00FF95621B4547D200E751E3 /* CoreConstants.swift in Sources */ = {isa = PBXBuildFile; fileRef = 00FF95611B4547D200E751E3 /* CoreConstants.swift */; };
/* End PBXBuildFile section */

/* Begin PBXContainerItemProxy section */
		0047913B1C9179F000C24741 /* PBXContainerItemProxy */ = {
			isa = PBXContainerItemProxy;
			containerPortal = 006A5F831B318C6E0045395A /* Project object */;
			proxyType = 1;
			remoteGlobalIDString = 006A5FAC1B318CAC0045395A;
			remoteInfo = Halo;
		};
		005BF7B31BD61A66002CE33A /* PBXContainerItemProxy */ = {
			isa = PBXContainerItemProxy;
			containerPortal = 006A5F831B318C6E0045395A /* Project object */;
			proxyType = 1;
			remoteGlobalIDString = 004FEC781BD0DCE8004216EE;
			remoteInfo = HaloResources;
		};
		0091C0141B779CDE0054EA75 /* PBXContainerItemProxy */ = {
			isa = PBXContainerItemProxy;
			containerPortal = 006A5F831B318C6E0045395A /* Project object */;
			proxyType = 1;
			remoteGlobalIDString = 006A5FAC1B318CAC0045395A;
			remoteInfo = Halo;
		};
/* End PBXContainerItemProxy section */

/* Begin PBXCopyFilesBuildPhase section */
		0091C0111B7797DC0054EA75 /* CopyFiles */ = {
			isa = PBXCopyFilesBuildPhase;
			buildActionMask = 2147483647;
			dstPath = "";
			dstSubfolderSpec = 10;
			files = (
				009961581C32A2F200EC72F9 /* Nimble.framework in CopyFiles */,
				009961591C32A2F200EC72F9 /* OHHTTPStubs.framework in CopyFiles */,
				0099615A1C32A2F200EC72F9 /* Quick.framework in CopyFiles */,
			);
			runOnlyForDeploymentPostprocessing = 0;
		};
/* End PBXCopyFilesBuildPhase section */

/* Begin PBXFileReference section */
		000826FE1B6A34DE001E8248 /* Router.swift */ = {isa = PBXFileReference; fileEncoding = 4; lastKnownFileType = sourcecode.swift; path = Router.swift; sourceTree = "<group>"; };
		000827001B6A57A5001E8248 /* ModuleType.swift */ = {isa = PBXFileReference; fileEncoding = 4; lastKnownFileType = sourcecode.swift; path = ModuleType.swift; sourceTree = "<group>"; };
		00121E8E1BF33B5B00FD656F /* CoreManager+Modules.swift */ = {isa = PBXFileReference; fileEncoding = 4; lastKnownFileType = sourcecode.swift; path = "CoreManager+Modules.swift"; sourceTree = "<group>"; };
		00396E3A1D51E9EE00594D0A /* MobileProvisionParser.swift */ = {isa = PBXFileReference; fileEncoding = 4; lastKnownFileType = sourcecode.swift; name = MobileProvisionParser.swift; path = Source/Helpers/MobileProvisionParser.swift; sourceTree = "<group>"; };
		003B75F71C969E9800F05202 /* ParameterEncoding.swift */ = {isa = PBXFileReference; fileEncoding = 4; lastKnownFileType = sourcecode.swift; path = ParameterEncoding.swift; sourceTree = "<group>"; };
		003CA6BD1B84C3DE00819611 /* CoreBluetooth.framework */ = {isa = PBXFileReference; lastKnownFileType = wrapper.framework; name = CoreBluetooth.framework; path = System/Library/Frameworks/CoreBluetooth.framework; sourceTree = SDKROOT; };
		0045393A1B67E8170060C30B /* Module.swift */ = {isa = PBXFileReference; fileEncoding = 4; lastKnownFileType = sourcecode.swift; path = Module.swift; sourceTree = "<group>"; };
		004790F91C915C6C00C24741 /* HaloObjC.framework */ = {isa = PBXFileReference; explicitFileType = wrapper.framework; includeInIndex = 0; path = HaloObjC.framework; sourceTree = BUILT_PRODUCTS_DIR; };
		004790FB1C915C6C00C24741 /* HaloObjC.h */ = {isa = PBXFileReference; lastKnownFileType = sourcecode.c.h; path = HaloObjC.h; sourceTree = "<group>"; };
		004791021C915CD100C24741 /* HaloManager.swift */ = {isa = PBXFileReference; fileEncoding = 4; lastKnownFileType = sourcecode.swift; path = HaloManager.swift; sourceTree = "<group>"; };
		004791041C915D1100C24741 /* HaloCoreManager.swift */ = {isa = PBXFileReference; fileEncoding = 4; lastKnownFileType = sourcecode.swift; path = HaloCoreManager.swift; sourceTree = "<group>"; };
		004791061C915D4A00C24741 /* HaloGeneralContentManager.swift */ = {isa = PBXFileReference; fileEncoding = 4; lastKnownFileType = sourcecode.swift; path = HaloGeneralContentManager.swift; sourceTree = "<group>"; };
		004C73C41D09657A005A14FB /* SearchFilterHelper.swift */ = {isa = PBXFileReference; fileEncoding = 4; lastKnownFileType = sourcecode.swift; name = SearchFilterHelper.swift; path = Source/Helpers/SearchFilterHelper.swift; sourceTree = "<group>"; };
		004FEC6F1BCFB788004216EE /* Nimble.framework */ = {isa = PBXFileReference; lastKnownFileType = wrapper.framework; name = Nimble.framework; path = Carthage/Build/iOS/Nimble.framework; sourceTree = "<group>"; };
		004FEC701BCFB788004216EE /* OHHTTPStubs.framework */ = {isa = PBXFileReference; lastKnownFileType = wrapper.framework; name = OHHTTPStubs.framework; path = Carthage/Build/iOS/OHHTTPStubs.framework; sourceTree = "<group>"; };
		004FEC711BCFB788004216EE /* Quick.framework */ = {isa = PBXFileReference; lastKnownFileType = wrapper.framework; name = Quick.framework; path = Carthage/Build/iOS/Quick.framework; sourceTree = "<group>"; };
		004FEC791BD0DCE8004216EE /* HaloResources.bundle */ = {isa = PBXFileReference; explicitFileType = wrapper.cfbundle; includeInIndex = 0; path = HaloResources.bundle; sourceTree = BUILT_PRODUCTS_DIR; };
		005034B11C92B11300362A8F /* HaloRequest.swift */ = {isa = PBXFileReference; fileEncoding = 4; lastKnownFileType = sourcecode.swift; path = HaloRequest.swift; sourceTree = "<group>"; };
		0053907D1B8C620B0036F579 /* oauth_success.json */ = {isa = PBXFileReference; fileEncoding = 4; lastKnownFileType = text.json; path = oauth_success.json; sourceTree = "<group>"; };
		005390811B8C655C0036F579 /* oauth_failure.json */ = {isa = PBXFileReference; fileEncoding = 4; lastKnownFileType = text.json; path = oauth_failure.json; sourceTree = "<group>"; };
		005390831B8C67B80036F579 /* module_list_success.json */ = {isa = PBXFileReference; fileEncoding = 4; lastKnownFileType = text.json; path = module_list_success.json; sourceTree = "<group>"; };
		005390851B8DB7590036F579 /* NetworkManager+User.swift */ = {isa = PBXFileReference; fileEncoding = 4; lastKnownFileType = sourcecode.swift; path = "NetworkManager+User.swift"; sourceTree = "<group>"; };
		005421601CC76D230055B553 /* NSDate+Utils.swift */ = {isa = PBXFileReference; fileEncoding = 4; lastKnownFileType = sourcecode.swift; path = "NSDate+Utils.swift"; sourceTree = "<group>"; };
		005421611CC76D230055B553 /* NSURLRequest+cURL.swift */ = {isa = PBXFileReference; fileEncoding = 4; lastKnownFileType = sourcecode.swift; path = "NSURLRequest+cURL.swift"; sourceTree = "<group>"; };
		005421621CC76D230055B553 /* UIDevice+Extra.swift */ = {isa = PBXFileReference; fileEncoding = 4; lastKnownFileType = sourcecode.swift; path = "UIDevice+Extra.swift"; sourceTree = "<group>"; };
		005421631CC76D230055B553 /* UIImage+Async.swift */ = {isa = PBXFileReference; fileEncoding = 4; lastKnownFileType = sourcecode.swift; path = "UIImage+Async.swift"; sourceTree = "<group>"; };
		005421681CC785210055B553 /* Protocols.swift */ = {isa = PBXFileReference; fileEncoding = 4; lastKnownFileType = sourcecode.swift; path = Protocols.swift; sourceTree = "<group>"; };
		005677F31CABC8E900B6A4F3 /* SearchOptions.swift */ = {isa = PBXFileReference; fileEncoding = 4; lastKnownFileType = sourcecode.swift; path = SearchOptions.swift; sourceTree = "<group>"; };
		005DF3111B998BB500149B40 /* GeneralContentSpec.swift */ = {isa = PBXFileReference; fileEncoding = 4; lastKnownFileType = sourcecode.swift; path = GeneralContentSpec.swift; sourceTree = "<group>"; };
		005E1ED51C69FFE800ED8763 /* Result.swift */ = {isa = PBXFileReference; fileEncoding = 4; lastKnownFileType = sourcecode.swift; path = Result.swift; sourceTree = "<group>"; };
		005E1EFE1C6BEE2500ED8763 /* Request.swift */ = {isa = PBXFileReference; fileEncoding = 4; lastKnownFileType = sourcecode.swift; path = Request.swift; sourceTree = "<group>"; };
		006238251BCE5B8900E614B3 /* halo.cer */ = {isa = PBXFileReference; lastKnownFileType = file; name = halo.cer; path = Resources/halo.cer; sourceTree = "<group>"; };
		0068D27B1B6778CA00B1E147 /* Token.swift */ = {isa = PBXFileReference; fileEncoding = 4; lastKnownFileType = sourcecode.swift; path = Token.swift; sourceTree = "<group>"; };
		006A5FAD1B318CAC0045395A /* Halo.framework */ = {isa = PBXFileReference; explicitFileType = wrapper.framework; includeInIndex = 0; path = Halo.framework; sourceTree = BUILT_PRODUCTS_DIR; };
		006A5FB71B318CAC0045395A /* HaloTests.xctest */ = {isa = PBXFileReference; explicitFileType = wrapper.cfbundle; includeInIndex = 0; path = HaloTests.xctest; sourceTree = BUILT_PRODUCTS_DIR; };
		006A5FBD1B318CAC0045395A /* Info.plist */ = {isa = PBXFileReference; lastKnownFileType = text.plist.xml; path = Info.plist; sourceTree = "<group>"; };
		006A5FBE1B318CAC0045395A /* CoreSpec.swift */ = {isa = PBXFileReference; lastKnownFileType = sourcecode.swift; path = CoreSpec.swift; sourceTree = "<group>"; };
		006A5FCE1B318CBC0045395A /* Info.plist */ = {isa = PBXFileReference; lastKnownFileType = text.plist; path = Info.plist; sourceTree = "<group>"; };
		006A60211B318DCC0045395A /* Manager.swift */ = {isa = PBXFileReference; fileEncoding = 4; lastKnownFileType = sourcecode.swift; path = Manager.swift; sourceTree = "<group>"; };
		006CB9901B85BBA100EB872E /* Info.plist */ = {isa = PBXFileReference; lastKnownFileType = text.plist.xml; path = Info.plist; sourceTree = "<group>"; };
		006CB9B51B870FB800EB872E /* User.swift */ = {isa = PBXFileReference; fileEncoding = 4; lastKnownFileType = sourcecode.swift; path = User.swift; sourceTree = "<group>"; };
		006CB9B71B870FC400EB872E /* Tag.swift */ = {isa = PBXFileReference; fileEncoding = 4; lastKnownFileType = sourcecode.swift; path = Tag.swift; sourceTree = "<group>"; };
		006CB9B91B87116D00EB872E /* UserDevice.swift */ = {isa = PBXFileReference; fileEncoding = 4; lastKnownFileType = sourcecode.swift; path = UserDevice.swift; sourceTree = "<group>"; };
		0073E6571BBE804400365DBD /* HaloAppDelegate.swift */ = {isa = PBXFileReference; fileEncoding = 4; lastKnownFileType = sourcecode.swift; path = HaloAppDelegate.swift; sourceTree = "<group>"; };
		007F78FE1B71F844004D1C22 /* ContentInstance.swift */ = {isa = PBXFileReference; fileEncoding = 4; lastKnownFileType = sourcecode.swift; path = ContentInstance.swift; sourceTree = "<group>"; };
		0082D9C01B987BE400298AB8 /* ModelSpec.swift */ = {isa = PBXFileReference; fileEncoding = 4; lastKnownFileType = sourcecode.swift; path = ModelSpec.swift; sourceTree = "<group>"; };
		0082D9C21B98911200298AB8 /* instance_list_success.json */ = {isa = PBXFileReference; fileEncoding = 4; lastKnownFileType = text.json; path = instance_list_success.json; sourceTree = "<group>"; };
		0086F52D1B6C20C2001F70DE /* ContentManager.swift */ = {isa = PBXFileReference; fileEncoding = 4; lastKnownFileType = sourcecode.swift; path = ContentManager.swift; sourceTree = "<group>"; };
		008DB38A1CEA15D9001D6CDB /* Errors.swift */ = {isa = PBXFileReference; fileEncoding = 4; lastKnownFileType = sourcecode.swift; path = Errors.swift; sourceTree = "<group>"; };
		008E2B021C51320C00FACAB2 /* libsqlite3.tbd */ = {isa = PBXFileReference; lastKnownFileType = "sourcecode.text-based-dylib-definition"; name = libsqlite3.tbd; path = usr/lib/libsqlite3.tbd; sourceTree = SDKROOT; };
		008E2B061C5132DC00FACAB2 /* SystemConfiguration.framework */ = {isa = PBXFileReference; lastKnownFileType = wrapper.framework; name = SystemConfiguration.framework; path = System/Library/Frameworks/SystemConfiguration.framework; sourceTree = SDKROOT; };
		008E2B581C524D7F00FACAB2 /* AddressBook.framework */ = {isa = PBXFileReference; lastKnownFileType = wrapper.framework; name = AddressBook.framework; path = System/Library/Frameworks/AddressBook.framework; sourceTree = SDKROOT; };
		008E2B5A1C524DAB00FACAB2 /* libz.tbd */ = {isa = PBXFileReference; lastKnownFileType = "sourcecode.text-based-dylib-definition"; name = libz.tbd; path = usr/lib/libz.tbd; sourceTree = SDKROOT; };
		0090DFCE1C89BF9500BAF181 /* CloudinaryURL.swift */ = {isa = PBXFileReference; fileEncoding = 4; lastKnownFileType = sourcecode.swift; name = CloudinaryURL.swift; path = Source/Helpers/CloudinaryURL.swift; sourceTree = "<group>"; };
		0090DFD01C89E08200BAF181 /* CloudinaryURLOptions.swift */ = {isa = PBXFileReference; fileEncoding = 4; lastKnownFileType = sourcecode.swift; name = CloudinaryURLOptions.swift; path = Source/Helpers/CloudinaryURLOptions.swift; sourceTree = "<group>"; };
		00921B6C1BBBD2CE00B79B50 /* adara.aiff */ = {isa = PBXFileReference; lastKnownFileType = audio.aiff; path = adara.aiff; sourceTree = "<group>"; };
		00921B6D1BBBD2CE00B79B50 /* alya.aiff */ = {isa = PBXFileReference; lastKnownFileType = audio.aiff; path = alya.aiff; sourceTree = "<group>"; };
		00921B6E1BBBD2CE00B79B50 /* antimony.aiff */ = {isa = PBXFileReference; lastKnownFileType = audio.aiff; path = antimony.aiff; sourceTree = "<group>"; };
		00921B6F1BBBD2CE00B79B50 /* argon.aiff */ = {isa = PBXFileReference; lastKnownFileType = audio.aiff; path = argon.aiff; sourceTree = "<group>"; };
		00921B701BBBD2CE00B79B50 /* ariel.aiff */ = {isa = PBXFileReference; lastKnownFileType = audio.aiff; path = ariel.aiff; sourceTree = "<group>"; };
		00921B711BBBD2CE00B79B50 /* beryllium.aiff */ = {isa = PBXFileReference; lastKnownFileType = audio.aiff; path = beryllium.aiff; sourceTree = "<group>"; };
		00921B721BBBD2CE00B79B50 /* blip.aiff */ = {isa = PBXFileReference; lastKnownFileType = audio.aiff; path = blip.aiff; sourceTree = "<group>"; };
		00921B731BBBD2CE00B79B50 /* carme.aiff */ = {isa = PBXFileReference; lastKnownFileType = audio.aiff; path = carme.aiff; sourceTree = "<group>"; };
		00921B741BBBD2CE00B79B50 /* castor.aiff */ = {isa = PBXFileReference; lastKnownFileType = audio.aiff; path = castor.aiff; sourceTree = "<group>"; };
		00921B751BBBD2CE00B79B50 /* ceres.aiff */ = {isa = PBXFileReference; lastKnownFileType = audio.aiff; path = ceres.aiff; sourceTree = "<group>"; };
		00921B761BBBD2CE00B79B50 /* chime.aiff */ = {isa = PBXFileReference; lastKnownFileType = audio.aiff; path = chime.aiff; sourceTree = "<group>"; };
		00921B771BBBD2CE00B79B50 /* cobalt.aiff */ = {isa = PBXFileReference; lastKnownFileType = audio.aiff; path = cobalt.aiff; sourceTree = "<group>"; };
		00921B781BBBD2CE00B79B50 /* cyanmessage.aiff */ = {isa = PBXFileReference; lastKnownFileType = audio.aiff; path = cyanmessage.aiff; sourceTree = "<group>"; };
		00921B791BBBD2CE00B79B50 /* dontpanic.aiff */ = {isa = PBXFileReference; lastKnownFileType = audio.aiff; path = dontpanic.aiff; sourceTree = "<group>"; };
		00921B7A1BBBD2CE00B79B50 /* elara.aiff */ = {isa = PBXFileReference; lastKnownFileType = audio.aiff; path = elara.aiff; sourceTree = "<group>"; };
		00921B7B1BBBD2CE00B79B50 /* element.aiff */ = {isa = PBXFileReference; lastKnownFileType = audio.aiff; path = element.aiff; sourceTree = "<group>"; };
		00921B7C1BBBD2CE00B79B50 /* europa.aiff */ = {isa = PBXFileReference; lastKnownFileType = audio.aiff; path = europa.aiff; sourceTree = "<group>"; };
		00921B7D1BBBD2CE00B79B50 /* f1_missedcall.aiff */ = {isa = PBXFileReference; lastKnownFileType = audio.aiff; path = f1_missedcall.aiff; sourceTree = "<group>"; };
		00921B7E1BBBD2CE00B79B50 /* f1_new_sms.aiff */ = {isa = PBXFileReference; lastKnownFileType = audio.aiff; path = f1_new_sms.aiff; sourceTree = "<group>"; };
		00921B7F1BBBD2CE00B79B50 /* fluorine.aiff */ = {isa = PBXFileReference; lastKnownFileType = audio.aiff; path = fluorine.aiff; sourceTree = "<group>"; };
		00921B801BBBD2CE00B79B50 /* hello.aiff */ = {isa = PBXFileReference; lastKnownFileType = audio.aiff; path = hello.aiff; sourceTree = "<group>"; };
		00921B811BBBD2CE00B79B50 /* hojus.aiff */ = {isa = PBXFileReference; lastKnownFileType = audio.aiff; path = hojus.aiff; sourceTree = "<group>"; };
		00921B821BBBD2CE00B79B50 /* ivory.aiff */ = {isa = PBXFileReference; lastKnownFileType = audio.aiff; path = ivory.aiff; sourceTree = "<group>"; };
		00921B831BBBD2CE00B79B50 /* mira.aiff */ = {isa = PBXFileReference; lastKnownFileType = audio.aiff; path = mira.aiff; sourceTree = "<group>"; };
		00921B841BBBD2CE00B79B50 /* modular.aiff */ = {isa = PBXFileReference; lastKnownFileType = audio.aiff; path = modular.aiff; sourceTree = "<group>"; };
		00921B851BBBD2CE00B79B50 /* moto.aiff */ = {isa = PBXFileReference; lastKnownFileType = audio.aiff; path = moto.aiff; sourceTree = "<group>"; };
		00921B861BBBD2CE00B79B50 /* natural.aiff */ = {isa = PBXFileReference; lastKnownFileType = audio.aiff; path = natural.aiff; sourceTree = "<group>"; };
		00921B871BBBD2CE00B79B50 /* organic.aiff */ = {isa = PBXFileReference; lastKnownFileType = audio.aiff; path = organic.aiff; sourceTree = "<group>"; };
		00921B881BBBD2CE00B79B50 /* ping.aiff */ = {isa = PBXFileReference; lastKnownFileType = audio.aiff; path = ping.aiff; sourceTree = "<group>"; };
		00921B891BBBD2CE00B79B50 /* pixiedust.aiff */ = {isa = PBXFileReference; lastKnownFileType = audio.aiff; path = pixiedust.aiff; sourceTree = "<group>"; };
		00921B8A1BBBD2CE00B79B50 /* pizzicato.aiff */ = {isa = PBXFileReference; lastKnownFileType = audio.aiff; path = pizzicato.aiff; sourceTree = "<group>"; };
		00921B8B1BBBD2CE00B79B50 /* proxima.aiff */ = {isa = PBXFileReference; lastKnownFileType = audio.aiff; path = proxima.aiff; sourceTree = "<group>"; };
		00921B8C1BBBD2CE00B79B50 /* radon.aiff */ = {isa = PBXFileReference; lastKnownFileType = audio.aiff; path = radon.aiff; sourceTree = "<group>"; };
		00921B8D1BBBD2CE00B79B50 /* rhea.aiff */ = {isa = PBXFileReference; lastKnownFileType = audio.aiff; path = rhea.aiff; sourceTree = "<group>"; };
		00921B8E1BBBD2CE00B79B50 /* selenium.aiff */ = {isa = PBXFileReference; lastKnownFileType = audio.aiff; path = selenium.aiff; sourceTree = "<group>"; };
		00921B8F1BBBD2CE00B79B50 /* sirius.aiff */ = {isa = PBXFileReference; lastKnownFileType = audio.aiff; path = sirius.aiff; sourceTree = "<group>"; };
		00921B901BBBD2CE00B79B50 /* tada.aiff */ = {isa = PBXFileReference; lastKnownFileType = audio.aiff; path = tada.aiff; sourceTree = "<group>"; };
		00921B911BBBD2CE00B79B50 /* tethys.aiff */ = {isa = PBXFileReference; lastKnownFileType = audio.aiff; path = tethys.aiff; sourceTree = "<group>"; };
		00921B921BBBD2CE00B79B50 /* upsilon.aiff */ = {isa = PBXFileReference; lastKnownFileType = audio.aiff; path = upsilon.aiff; sourceTree = "<group>"; };
		00921B931BBBD2CE00B79B50 /* voila.aiff */ = {isa = PBXFileReference; lastKnownFileType = audio.aiff; path = voila.aiff; sourceTree = "<group>"; };
		0094A31F1B70A6A600DED864 /* NetworkManager.swift */ = {isa = PBXFileReference; fileEncoding = 4; lastKnownFileType = sourcecode.swift; lineEnding = 0; path = NetworkManager.swift; sourceTree = "<group>"; xcLanguageSpecificationIdentifier = xcode.lang.swift; };
		00A409211D0FE72F005D4FB0 /* Foundation.framework */ = {isa = PBXFileReference; lastKnownFileType = wrapper.framework; name = Foundation.framework; path = System/Library/Frameworks/Foundation.framework; sourceTree = SDKROOT; };
		00BBE04E1CBD2B1500B118AF /* Locale.swift */ = {isa = PBXFileReference; fileEncoding = 4; lastKnownFileType = sourcecode.swift; path = Locale.swift; sourceTree = "<group>"; };
		00E043CE1C848723008270DE /* CoreManager.swift */ = {isa = PBXFileReference; fileEncoding = 4; lastKnownFileType = sourcecode.swift; path = CoreManager.swift; sourceTree = "<group>"; };
		00E508381CB691EB00B4B5AE /* SearchFilter.swift */ = {isa = PBXFileReference; fileEncoding = 4; lastKnownFileType = sourcecode.swift; path = SearchFilter.swift; sourceTree = "<group>"; };
		00EC9D361C43F72F00A3291D /* Credentials.swift */ = {isa = PBXFileReference; fileEncoding = 4; lastKnownFileType = sourcecode.swift; path = Credentials.swift; sourceTree = "<group>"; };
		00FF95611B4547D200E751E3 /* CoreConstants.swift */ = {isa = PBXFileReference; fileEncoding = 4; lastKnownFileType = sourcecode.swift; path = CoreConstants.swift; sourceTree = "<group>"; };
/* End PBXFileReference section */

/* Begin PBXFrameworksBuildPhase section */
		004790F51C915C6C00C24741 /* Frameworks */ = {
			isa = PBXFrameworksBuildPhase;
			buildActionMask = 2147483647;
			files = (
				004791011C915C8000C24741 /* Halo.framework in Frameworks */,
			);
			runOnlyForDeploymentPostprocessing = 0;
		};
		004FEC761BD0DCE8004216EE /* Frameworks */ = {
			isa = PBXFrameworksBuildPhase;
			buildActionMask = 2147483647;
			files = (
			);
			runOnlyForDeploymentPostprocessing = 0;
		};
		006A5FA91B318CAC0045395A /* Frameworks */ = {
			isa = PBXFrameworksBuildPhase;
			buildActionMask = 2147483647;
			files = (
				001C96C91D268F9C00126DD9 /* libsqlite3.tbd in Frameworks */,
				00AA69501D268E5B00F0C455 /* libz.tbd in Frameworks */,
				00A409221D0FE72F005D4FB0 /* Foundation.framework in Frameworks */,
				008E2B071C5132DC00FACAB2 /* SystemConfiguration.framework in Frameworks */,
			);
			runOnlyForDeploymentPostprocessing = 0;
		};
		006A5FB41B318CAC0045395A /* Frameworks */ = {
			isa = PBXFrameworksBuildPhase;
			buildActionMask = 2147483647;
			files = (
				004FEC721BCFB788004216EE /* Nimble.framework in Frameworks */,
				004FEC731BCFB788004216EE /* OHHTTPStubs.framework in Frameworks */,
				004FEC741BCFB788004216EE /* Quick.framework in Frameworks */,
			);
			runOnlyForDeploymentPostprocessing = 0;
		};
/* End PBXFrameworksBuildPhase section */

/* Begin PBXGroup section */
		004539391B67E8090060C30B /* Model */ = {
			isa = PBXGroup;
			children = (
				007F78FE1B71F844004D1C22 /* ContentInstance.swift */,
				0045393A1B67E8170060C30B /* Module.swift */,
				000827001B6A57A5001E8248 /* ModuleType.swift */,
				006CB9B71B870FC400EB872E /* Tag.swift */,
				0068D27B1B6778CA00B1E147 /* Token.swift */,
				006CB9B51B870FB800EB872E /* User.swift */,
				006CB9B91B87116D00EB872E /* UserDevice.swift */,
			);
			name = Model;
			path = Source/Model;
			sourceTree = "<group>";
		};
		004790EE1C9159BE00C24741 /* Swift */ = {
			isa = PBXGroup;
			children = (
				006A5FAE1B318CAC0045395A /* Core */,
				0054215F1CC76D230055B553 /* Extensions */,
				00D1A36F1B42CA45008DFB71 /* GeneralContent */,
				0090DFCD1C89BF7000BAF181 /* Helpers */,
				004539391B67E8090060C30B /* Model */,
				006A5FCC1B318CBC0045395A /* Networking */,
			);
			name = Swift;
			sourceTree = "<group>";
		};
		004790FA1C915C6C00C24741 /* ObjC */ = {
			isa = PBXGroup;
			children = (
				004790FB1C915C6C00C24741 /* HaloObjC.h */,
				004791021C915CD100C24741 /* HaloManager.swift */,
				004791041C915D1100C24741 /* HaloCoreManager.swift */,
				004791061C915D4A00C24741 /* HaloGeneralContentManager.swift */,
				005034B11C92B11300362A8F /* HaloRequest.swift */,
			);
			name = ObjC;
			path = HaloObjC;
			sourceTree = "<group>";
		};
		0054215F1CC76D230055B553 /* Extensions */ = {
			isa = PBXGroup;
			children = (
				005421601CC76D230055B553 /* NSDate+Utils.swift */,
				005421611CC76D230055B553 /* NSURLRequest+cURL.swift */,
				005421621CC76D230055B553 /* UIDevice+Extra.swift */,
				005421631CC76D230055B553 /* UIImage+Async.swift */,
			);
			name = Extensions;
			path = Source/Extensions;
			sourceTree = "<group>";
		};
		005C577F1B5CE6BF0018839D /* Frameworks */ = {
			isa = PBXGroup;
			children = (
				00A409211D0FE72F005D4FB0 /* Foundation.framework */,
				008E2B5A1C524DAB00FACAB2 /* libz.tbd */,
				008E2B021C51320C00FACAB2 /* libsqlite3.tbd */,
				008E2B581C524D7F00FACAB2 /* AddressBook.framework */,
				008E2B061C5132DC00FACAB2 /* SystemConfiguration.framework */,
				004FEC6F1BCFB788004216EE /* Nimble.framework */,
				004FEC701BCFB788004216EE /* OHHTTPStubs.framework */,
				004FEC711BCFB788004216EE /* Quick.framework */,
				003CA6BD1B84C3DE00819611 /* CoreBluetooth.framework */,
			);
			name = Frameworks;
			sourceTree = "<group>";
		};
		006A5F821B318C6E0045395A = {
			isa = PBXGroup;
			children = (
				004790EE1C9159BE00C24741 /* Swift */,
				004790FA1C915C6C00C24741 /* ObjC */,
				006A5F8D1B318C6E0045395A /* Products */,
				006CB97D1B85B87200EB872E /* Resources */,
				006A5FCD1B318CBC0045395A /* Supporting Files */,
				005C577F1B5CE6BF0018839D /* Frameworks */,
				006A5FBB1B318CAC0045395A /* Tests */,
			);
			sourceTree = "<group>";
		};
		006A5F8D1B318C6E0045395A /* Products */ = {
			isa = PBXGroup;
			children = (
				006A5FAD1B318CAC0045395A /* Halo.framework */,
				006A5FB71B318CAC0045395A /* HaloTests.xctest */,
				004FEC791BD0DCE8004216EE /* HaloResources.bundle */,
				004790F91C915C6C00C24741 /* HaloObjC.framework */,
			);
			name = Products;
			sourceTree = "<group>";
		};
		006A5FAE1B318CAC0045395A /* Core */ = {
			isa = PBXGroup;
			children = (
				00FF95611B4547D200E751E3 /* CoreConstants.swift */,
				00E043CE1C848723008270DE /* CoreManager.swift */,
				00121E8E1BF33B5B00FD656F /* CoreManager+Modules.swift */,
				00EC9D361C43F72F00A3291D /* Credentials.swift */,
				0073E6571BBE804400365DBD /* HaloAppDelegate.swift */,
				006A60211B318DCC0045395A /* Manager.swift */,
				005421681CC785210055B553 /* Protocols.swift */,
				005E1ED51C69FFE800ED8763 /* Result.swift */,
				008DB38A1CEA15D9001D6CDB /* Errors.swift */,
			);
			name = Core;
			path = Source/Core;
			sourceTree = "<group>";
		};
		006A5FBB1B318CAC0045395A /* Tests */ = {
			isa = PBXGroup;
			children = (
				0082D9C01B987BE400298AB8 /* ModelSpec.swift */,
				006A5FBE1B318CAC0045395A /* CoreSpec.swift */,
				005DF3111B998BB500149B40 /* GeneralContentSpec.swift */,
				006A5FBC1B318CAC0045395A /* Supporting Files */,
				0053907D1B8C620B0036F579 /* oauth_success.json */,
				005390811B8C655C0036F579 /* oauth_failure.json */,
				005390831B8C67B80036F579 /* module_list_success.json */,
				0082D9C21B98911200298AB8 /* instance_list_success.json */,
			);
			path = Tests;
			sourceTree = "<group>";
		};
		006A5FBC1B318CAC0045395A /* Supporting Files */ = {
			isa = PBXGroup;
			children = (
				006A5FBD1B318CAC0045395A /* Info.plist */,
			);
			name = "Supporting Files";
			sourceTree = "<group>";
		};
		006A5FCC1B318CBC0045395A /* Networking */ = {
			isa = PBXGroup;
			children = (
				005E1EFE1C6BEE2500ED8763 /* Request.swift */,
				0094A31F1B70A6A600DED864 /* NetworkManager.swift */,
				005390851B8DB7590036F579 /* NetworkManager+User.swift */,
				000826FE1B6A34DE001E8248 /* Router.swift */,
				003B75F71C969E9800F05202 /* ParameterEncoding.swift */,
			);
			name = Networking;
			path = Source/Networking;
			sourceTree = "<group>";
		};
		006A5FCD1B318CBC0045395A /* Supporting Files */ = {
			isa = PBXGroup;
			children = (
				006A5FCE1B318CBC0045395A /* Info.plist */,
				006238251BCE5B8900E614B3 /* halo.cer */,
			);
			name = "Supporting Files";
			path = Source;
			sourceTree = "<group>";
		};
		006CB97D1B85B87200EB872E /* Resources */ = {
			isa = PBXGroup;
			children = (
				00921B6C1BBBD2CE00B79B50 /* adara.aiff */,
				00921B6D1BBBD2CE00B79B50 /* alya.aiff */,
				00921B6E1BBBD2CE00B79B50 /* antimony.aiff */,
				00921B6F1BBBD2CE00B79B50 /* argon.aiff */,
				00921B701BBBD2CE00B79B50 /* ariel.aiff */,
				00921B711BBBD2CE00B79B50 /* beryllium.aiff */,
				00921B721BBBD2CE00B79B50 /* blip.aiff */,
				00921B731BBBD2CE00B79B50 /* carme.aiff */,
				00921B741BBBD2CE00B79B50 /* castor.aiff */,
				00921B751BBBD2CE00B79B50 /* ceres.aiff */,
				00921B761BBBD2CE00B79B50 /* chime.aiff */,
				00921B771BBBD2CE00B79B50 /* cobalt.aiff */,
				00921B781BBBD2CE00B79B50 /* cyanmessage.aiff */,
				00921B791BBBD2CE00B79B50 /* dontpanic.aiff */,
				00921B7A1BBBD2CE00B79B50 /* elara.aiff */,
				00921B7B1BBBD2CE00B79B50 /* element.aiff */,
				00921B7C1BBBD2CE00B79B50 /* europa.aiff */,
				00921B7D1BBBD2CE00B79B50 /* f1_missedcall.aiff */,
				00921B7E1BBBD2CE00B79B50 /* f1_new_sms.aiff */,
				00921B7F1BBBD2CE00B79B50 /* fluorine.aiff */,
				00921B801BBBD2CE00B79B50 /* hello.aiff */,
				00921B811BBBD2CE00B79B50 /* hojus.aiff */,
				00921B821BBBD2CE00B79B50 /* ivory.aiff */,
				00921B831BBBD2CE00B79B50 /* mira.aiff */,
				00921B841BBBD2CE00B79B50 /* modular.aiff */,
				00921B851BBBD2CE00B79B50 /* moto.aiff */,
				00921B861BBBD2CE00B79B50 /* natural.aiff */,
				00921B871BBBD2CE00B79B50 /* organic.aiff */,
				00921B881BBBD2CE00B79B50 /* ping.aiff */,
				00921B891BBBD2CE00B79B50 /* pixiedust.aiff */,
				00921B8A1BBBD2CE00B79B50 /* pizzicato.aiff */,
				00921B8B1BBBD2CE00B79B50 /* proxima.aiff */,
				00921B8C1BBBD2CE00B79B50 /* radon.aiff */,
				00921B8D1BBBD2CE00B79B50 /* rhea.aiff */,
				00921B8E1BBBD2CE00B79B50 /* selenium.aiff */,
				00921B8F1BBBD2CE00B79B50 /* sirius.aiff */,
				00921B901BBBD2CE00B79B50 /* tada.aiff */,
				00921B911BBBD2CE00B79B50 /* tethys.aiff */,
				00921B921BBBD2CE00B79B50 /* upsilon.aiff */,
				00921B931BBBD2CE00B79B50 /* voila.aiff */,
				006CB9901B85BBA100EB872E /* Info.plist */,
			);
			name = Resources;
			path = Source/Resources;
			sourceTree = "<group>";
		};
		0090DFCD1C89BF7000BAF181 /* Helpers */ = {
			isa = PBXGroup;
			children = (
				0090DFCE1C89BF9500BAF181 /* CloudinaryURL.swift */,
				0090DFD01C89E08200BAF181 /* CloudinaryURLOptions.swift */,
				004C73C41D09657A005A14FB /* SearchFilterHelper.swift */,
				00396E3A1D51E9EE00594D0A /* MobileProvisionParser.swift */,
			);
			name = Helpers;
			sourceTree = "<group>";
		};
		00D1A36F1B42CA45008DFB71 /* GeneralContent */ = {
			isa = PBXGroup;
			children = (
				0086F52D1B6C20C2001F70DE /* ContentManager.swift */,
				005677F31CABC8E900B6A4F3 /* SearchOptions.swift */,
				00E508381CB691EB00B4B5AE /* SearchFilter.swift */,
				00BBE04E1CBD2B1500B118AF /* Locale.swift */,
			);
			name = GeneralContent;
			path = Source/GeneralContent;
			sourceTree = "<group>";
		};
/* End PBXGroup section */

/* Begin PBXHeadersBuildPhase section */
		004790F61C915C6C00C24741 /* Headers */ = {
			isa = PBXHeadersBuildPhase;
			buildActionMask = 2147483647;
			files = (
				004790FC1C915C6C00C24741 /* HaloObjC.h in Headers */,
			);
			runOnlyForDeploymentPostprocessing = 0;
		};
		006A5FAA1B318CAC0045395A /* Headers */ = {
			isa = PBXHeadersBuildPhase;
			buildActionMask = 2147483647;
			files = (
			);
			runOnlyForDeploymentPostprocessing = 0;
		};
/* End PBXHeadersBuildPhase section */

/* Begin PBXNativeTarget section */
		004790F81C915C6C00C24741 /* HaloObjC */ = {
			isa = PBXNativeTarget;
			buildConfigurationList = 004790FE1C915C6C00C24741 /* Build configuration list for PBXNativeTarget "HaloObjC" */;
			buildPhases = (
				004790F41C915C6C00C24741 /* Sources */,
				004790F51C915C6C00C24741 /* Frameworks */,
				004790F61C915C6C00C24741 /* Headers */,
				004790F71C915C6C00C24741 /* Resources */,
			);
			buildRules = (
			);
			dependencies = (
				0047913C1C9179F000C24741 /* PBXTargetDependency */,
			);
			name = HaloObjC;
			productName = HaloObjC;
			productReference = 004790F91C915C6C00C24741 /* HaloObjC.framework */;
			productType = "com.apple.product-type.framework";
		};
		004FEC781BD0DCE8004216EE /* HaloResources */ = {
			isa = PBXNativeTarget;
			buildConfigurationList = 004FEC7E1BD0DCE8004216EE /* Build configuration list for PBXNativeTarget "HaloResources" */;
			buildPhases = (
				004FEC751BD0DCE8004216EE /* Sources */,
				004FEC761BD0DCE8004216EE /* Frameworks */,
				004FEC771BD0DCE8004216EE /* Resources */,
			);
			buildRules = (
			);
			dependencies = (
			);
			name = HaloResources;
			productName = HaloResources;
			productReference = 004FEC791BD0DCE8004216EE /* HaloResources.bundle */;
			productType = "com.apple.product-type.bundle";
		};
		006A5FAC1B318CAC0045395A /* Halo */ = {
			isa = PBXNativeTarget;
			buildConfigurationList = 006A5FC01B318CAC0045395A /* Build configuration list for PBXNativeTarget "Halo" */;
			buildPhases = (
				006A5FA81B318CAC0045395A /* Sources */,
				006A5FA91B318CAC0045395A /* Frameworks */,
				006A5FAA1B318CAC0045395A /* Headers */,
				006A5FAB1B318CAC0045395A /* Resources */,
				00A34E861BDF9F9E0080DD93 /* Documentation */,
			);
			buildRules = (
			);
			dependencies = (
				005BF7B41BD61A66002CE33A /* PBXTargetDependency */,
			);
			name = Halo;
			productName = MoMOSCore;
			productReference = 006A5FAD1B318CAC0045395A /* Halo.framework */;
			productType = "com.apple.product-type.framework";
		};
		006A5FB61B318CAC0045395A /* HaloTests */ = {
			isa = PBXNativeTarget;
			buildConfigurationList = 006A5FC31B318CAC0045395A /* Build configuration list for PBXNativeTarget "HaloTests" */;
			buildPhases = (
				006A5FB31B318CAC0045395A /* Sources */,
				006A5FB41B318CAC0045395A /* Frameworks */,
				006A5FB51B318CAC0045395A /* Resources */,
				0091C0111B7797DC0054EA75 /* CopyFiles */,
			);
			buildRules = (
			);
			dependencies = (
				0091C0151B779CDE0054EA75 /* PBXTargetDependency */,
			);
			name = HaloTests;
			productName = MoMOSCoreTests;
			productReference = 006A5FB71B318CAC0045395A /* HaloTests.xctest */;
			productType = "com.apple.product-type.bundle.unit-test";
		};
/* End PBXNativeTarget section */

/* Begin PBXProject section */
		006A5F831B318C6E0045395A /* Project object */ = {
			isa = PBXProject;
			attributes = {
				CLASSPREFIX = "";
				LastSwiftUpdateCheck = 0720;
				LastUpgradeCheck = 0710;
				ORGANIZATIONNAME = "MOBGEN Technology";
				TargetAttributes = {
					004790F81C915C6C00C24741 = {
						CreatedOnToolsVersion = 7.2.1;
					};
					004FEC781BD0DCE8004216EE = {
						CreatedOnToolsVersion = 7.0;
					};
					006A5FAC1B318CAC0045395A = {
						CreatedOnToolsVersion = 6.3.2;
					};
					006A5FB61B318CAC0045395A = {
						CreatedOnToolsVersion = 6.3.2;
					};
				};
			};
			buildConfigurationList = 006A5F861B318C6E0045395A /* Build configuration list for PBXProject "HaloSDK" */;
			compatibilityVersion = "Xcode 3.2";
			developmentRegion = English;
			hasScannedForEncodings = 0;
			knownRegions = (
				en,
			);
			mainGroup = 006A5F821B318C6E0045395A;
			productRefGroup = 006A5F8D1B318C6E0045395A /* Products */;
			projectDirPath = "";
			projectRoot = "";
			targets = (
				006A5FAC1B318CAC0045395A /* Halo */,
				006A5FB61B318CAC0045395A /* HaloTests */,
				004FEC781BD0DCE8004216EE /* HaloResources */,
				004790F81C915C6C00C24741 /* HaloObjC */,
			);
		};
/* End PBXProject section */

/* Begin PBXResourcesBuildPhase section */
		004790F71C915C6C00C24741 /* Resources */ = {
			isa = PBXResourcesBuildPhase;
			buildActionMask = 2147483647;
			files = (
			);
			runOnlyForDeploymentPostprocessing = 0;
		};
		004FEC771BD0DCE8004216EE /* Resources */ = {
			isa = PBXResourcesBuildPhase;
			buildActionMask = 2147483647;
			files = (
				004FEC7F1BD0DCF6004216EE /* adara.aiff in Resources */,
				004FEC801BD0DCF6004216EE /* alya.aiff in Resources */,
				004FEC811BD0DCF6004216EE /* antimony.aiff in Resources */,
				004FEC821BD0DCF6004216EE /* argon.aiff in Resources */,
				004FEC831BD0DCF6004216EE /* ariel.aiff in Resources */,
				004FEC841BD0DCF6004216EE /* beryllium.aiff in Resources */,
				004FEC851BD0DCF6004216EE /* blip.aiff in Resources */,
				004FEC861BD0DCF6004216EE /* carme.aiff in Resources */,
				004FEC871BD0DCF6004216EE /* castor.aiff in Resources */,
				004FEC881BD0DCF6004216EE /* ceres.aiff in Resources */,
				004FEC891BD0DCF6004216EE /* chime.aiff in Resources */,
				004FEC8A1BD0DCF6004216EE /* cobalt.aiff in Resources */,
				004FEC8B1BD0DCF6004216EE /* cyanmessage.aiff in Resources */,
				004FEC8C1BD0DCF6004216EE /* dontpanic.aiff in Resources */,
				004FEC8D1BD0DCF6004216EE /* elara.aiff in Resources */,
				004FEC8E1BD0DCF6004216EE /* element.aiff in Resources */,
				004FEC8F1BD0DCF6004216EE /* europa.aiff in Resources */,
				004FEC901BD0DCF6004216EE /* f1_missedcall.aiff in Resources */,
				004FEC911BD0DCF6004216EE /* f1_new_sms.aiff in Resources */,
				004FEC921BD0DCF6004216EE /* fluorine.aiff in Resources */,
				004FEC931BD0DCF6004216EE /* hello.aiff in Resources */,
				004FEC941BD0DCF6004216EE /* hojus.aiff in Resources */,
				004FEC951BD0DCF6004216EE /* ivory.aiff in Resources */,
				004FEC961BD0DCF6004216EE /* mira.aiff in Resources */,
				004FEC971BD0DCF6004216EE /* modular.aiff in Resources */,
				004FEC981BD0DCF6004216EE /* moto.aiff in Resources */,
				004FEC991BD0DCF6004216EE /* natural.aiff in Resources */,
				004FEC9A1BD0DCF6004216EE /* organic.aiff in Resources */,
				004FEC9B1BD0DCF6004216EE /* ping.aiff in Resources */,
				004FEC9C1BD0DCF6004216EE /* pixiedust.aiff in Resources */,
				004FEC9D1BD0DCF6004216EE /* pizzicato.aiff in Resources */,
				004FEC9E1BD0DCF6004216EE /* proxima.aiff in Resources */,
				004FEC9F1BD0DCF6004216EE /* radon.aiff in Resources */,
				004FECA01BD0DCF6004216EE /* rhea.aiff in Resources */,
				004FECA11BD0DCF6004216EE /* selenium.aiff in Resources */,
				004FECA21BD0DCF6004216EE /* sirius.aiff in Resources */,
				004FECA31BD0DCF6004216EE /* tada.aiff in Resources */,
				004FECA41BD0DCF6004216EE /* tethys.aiff in Resources */,
				004FECA51BD0DCF6004216EE /* upsilon.aiff in Resources */,
				004FECA61BD0DCF6004216EE /* voila.aiff in Resources */,
			);
			runOnlyForDeploymentPostprocessing = 0;
		};
		006A5FAB1B318CAC0045395A /* Resources */ = {
			isa = PBXResourcesBuildPhase;
			buildActionMask = 2147483647;
			files = (
				00DD96C21BD02F0200AF65CA /* halo.cer in Resources */,
			);
			runOnlyForDeploymentPostprocessing = 0;
		};
		006A5FB51B318CAC0045395A /* Resources */ = {
			isa = PBXResourcesBuildPhase;
			buildActionMask = 2147483647;
			files = (
				005390841B8C67B80036F579 /* module_list_success.json in Resources */,
				0053907E1B8C620B0036F579 /* oauth_success.json in Resources */,
				0082D9C31B98911200298AB8 /* instance_list_success.json in Resources */,
				005390821B8C655C0036F579 /* oauth_failure.json in Resources */,
			);
			runOnlyForDeploymentPostprocessing = 0;
		};
/* End PBXResourcesBuildPhase section */

/* Begin PBXShellScriptBuildPhase section */
		00A34E861BDF9F9E0080DD93 /* Documentation */ = {
			isa = PBXShellScriptBuildPhase;
			buildActionMask = 2147483647;
			files = (
			);
			inputPaths = (
			);
			name = Documentation;
			outputPaths = (
			);
			runOnlyForDeploymentPostprocessing = 0;
			shellPath = /bin/sh;
			shellScript = "#cd ${PROJECT_DIR}/Source;jazzy -m 'Halo SDK' -a 'MOBGEN Technology' -c -o ${PROJECT_DIR}/docs -x '-workspace,../HALO.xcworkspace,-scheme,Halo' --hide-documentation-coverage";
		};
/* End PBXShellScriptBuildPhase section */

/* Begin PBXSourcesBuildPhase section */
		004790F41C915C6C00C24741 /* Sources */ = {
			isa = PBXSourcesBuildPhase;
			buildActionMask = 2147483647;
			files = (
				004791051C915D1100C24741 /* HaloCoreManager.swift in Sources */,
				005034B21C92B11300362A8F /* HaloRequest.swift in Sources */,
				004791071C915D4A00C24741 /* HaloGeneralContentManager.swift in Sources */,
				004791031C915CD100C24741 /* HaloManager.swift in Sources */,
			);
			runOnlyForDeploymentPostprocessing = 0;
		};
		004FEC751BD0DCE8004216EE /* Sources */ = {
			isa = PBXSourcesBuildPhase;
			buildActionMask = 2147483647;
			files = (
			);
			runOnlyForDeploymentPostprocessing = 0;
		};
		006A5FA81B318CAC0045395A /* Sources */ = {
			isa = PBXSourcesBuildPhase;
			buildActionMask = 2147483647;
			files = (
				005421661CC76D230055B553 /* UIDevice+Extra.swift in Sources */,
				005677F41CABC8E900B6A4F3 /* SearchOptions.swift in Sources */,
				0073E6581BBE804400365DBD /* HaloAppDelegate.swift in Sources */,
				005E1EFF1C6BEE2500ED8763 /* Request.swift in Sources */,
				008DB38B1CEA15D9001D6CDB /* Errors.swift in Sources */,
				0086F52E1B6C20C2001F70DE /* ContentManager.swift in Sources */,
				00BBE04F1CBD2B1500B118AF /* Locale.swift in Sources */,
				00E043CF1C848723008270DE /* CoreManager.swift in Sources */,
				00396E3B1D51E9EE00594D0A /* MobileProvisionParser.swift in Sources */,
				005E1ED61C69FFE800ED8763 /* Result.swift in Sources */,
				00E508391CB691EB00B4B5AE /* SearchFilter.swift in Sources */,
				005421691CC785210055B553 /* Protocols.swift in Sources */,
				005421651CC76D230055B553 /* NSURLRequest+cURL.swift in Sources */,
				00FF95621B4547D200E751E3 /* CoreConstants.swift in Sources */,
				0094A3201B70A6A600DED864 /* NetworkManager.swift in Sources */,
				006CB9B81B870FC400EB872E /* Tag.swift in Sources */,
				006CB9B61B870FB800EB872E /* User.swift in Sources */,
				00121E8F1BF33B5C00FD656F /* CoreManager+Modules.swift in Sources */,
				007F78FF1B71F844004D1C22 /* ContentInstance.swift in Sources */,
				006A60221B318DCC0045395A /* Manager.swift in Sources */,
				006CB9BA1B87116D00EB872E /* UserDevice.swift in Sources */,
				0090DFD11C89E08200BAF181 /* CloudinaryURLOptions.swift in Sources */,
				003B75F81C969E9800F05202 /* ParameterEncoding.swift in Sources */,
				000827011B6A57A5001E8248 /* ModuleType.swift in Sources */,
				004C73C51D09657A005A14FB /* SearchFilterHelper.swift in Sources */,
				005390861B8DB7590036F579 /* NetworkManager+User.swift in Sources */,
				00EC9D371C43F72F00A3291D /* Credentials.swift in Sources */,
				005421671CC76D230055B553 /* UIImage+Async.swift in Sources */,
				005421641CC76D230055B553 /* NSDate+Utils.swift in Sources */,
				000826FF1B6A34DE001E8248 /* Router.swift in Sources */,
				0045393B1B67E8170060C30B /* Module.swift in Sources */,
				0090DFCF1C89BF9500BAF181 /* CloudinaryURL.swift in Sources */,
				0068D27C1B6778CA00B1E147 /* Token.swift in Sources */,
			);
			runOnlyForDeploymentPostprocessing = 0;
		};
		006A5FB31B318CAC0045395A /* Sources */ = {
			isa = PBXSourcesBuildPhase;
			buildActionMask = 2147483647;
			files = (
				0082D9C11B987BE400298AB8 /* ModelSpec.swift in Sources */,
				006A5FBF1B318CAC0045395A /* CoreSpec.swift in Sources */,
				005DF3121B998BB500149B40 /* GeneralContentSpec.swift in Sources */,
			);
			runOnlyForDeploymentPostprocessing = 0;
		};
/* End PBXSourcesBuildPhase section */

/* Begin PBXTargetDependency section */
		0047913C1C9179F000C24741 /* PBXTargetDependency */ = {
			isa = PBXTargetDependency;
			target = 006A5FAC1B318CAC0045395A /* Halo */;
			targetProxy = 0047913B1C9179F000C24741 /* PBXContainerItemProxy */;
		};
		005BF7B41BD61A66002CE33A /* PBXTargetDependency */ = {
			isa = PBXTargetDependency;
			target = 004FEC781BD0DCE8004216EE /* HaloResources */;
			targetProxy = 005BF7B31BD61A66002CE33A /* PBXContainerItemProxy */;
		};
		0091C0151B779CDE0054EA75 /* PBXTargetDependency */ = {
			isa = PBXTargetDependency;
			target = 006A5FAC1B318CAC0045395A /* Halo */;
			targetProxy = 0091C0141B779CDE0054EA75 /* PBXContainerItemProxy */;
		};
/* End PBXTargetDependency section */

/* Begin XCBuildConfiguration section */
		004790FF1C915C6C00C24741 /* Debug */ = {
			isa = XCBuildConfiguration;
			buildSettings = {
				CLANG_ENABLE_MODULES = YES;
				"CODE_SIGN_IDENTITY[sdk=iphoneos*]" = "iPhone Developer";
				DEBUG_INFORMATION_FORMAT = dwarf;
				DEFINES_MODULE = YES;
				DYLIB_COMPATIBILITY_VERSION = 1;
				DYLIB_CURRENT_VERSION = 1;
				DYLIB_INSTALL_NAME_BASE = "@rpath";
				ENABLE_BITCODE = NO;
				INFOPLIST_FILE = "$(SRCROOT)/Source/Info.plist";
				INSTALL_PATH = "$(LOCAL_LIBRARY_DIR)/Frameworks";
				IPHONEOS_DEPLOYMENT_TARGET = 9.2;
				LD_RUNPATH_SEARCH_PATHS = "$(inherited) @executable_path/Frameworks @loader_path/Frameworks";
				PRODUCT_BUNDLE_IDENTIFIER = com.mobgen.HaloObjC;
				PRODUCT_NAME = "$(TARGET_NAME)";
				SKIP_INSTALL = YES;
			};
			name = Debug;
		};
		004791001C915C6C00C24741 /* Release */ = {
			isa = XCBuildConfiguration;
			buildSettings = {
				CLANG_ENABLE_MODULES = YES;
				"CODE_SIGN_IDENTITY[sdk=iphoneos*]" = "iPhone Developer";
				DEFINES_MODULE = YES;
				DYLIB_COMPATIBILITY_VERSION = 1;
				DYLIB_CURRENT_VERSION = 1;
				DYLIB_INSTALL_NAME_BASE = "@rpath";
				ENABLE_BITCODE = NO;
				INFOPLIST_FILE = "$(SRCROOT)/Source/Info.plist";
				INSTALL_PATH = "$(LOCAL_LIBRARY_DIR)/Frameworks";
				IPHONEOS_DEPLOYMENT_TARGET = 9.2;
				LD_RUNPATH_SEARCH_PATHS = "$(inherited) @executable_path/Frameworks @loader_path/Frameworks";
				PRODUCT_BUNDLE_IDENTIFIER = com.mobgen.HaloObjC;
				PRODUCT_NAME = "$(TARGET_NAME)";
				SKIP_INSTALL = YES;
			};
			name = Release;
		};
		004FEC7C1BD0DCE8004216EE /* Debug */ = {
			isa = XCBuildConfiguration;
			buildSettings = {
				COMBINE_HIDPI_IMAGES = YES;
				DEBUG_INFORMATION_FORMAT = dwarf;
				ENABLE_BITCODE = NO;
				INFOPLIST_FILE = Source/Info.plist;
				INSTALL_PATH = "$(LOCAL_LIBRARY_DIR)/Bundles";
				MACOSX_DEPLOYMENT_TARGET = 10.10;
				ONLY_ACTIVE_ARCH = NO;
				PRODUCT_BUNDLE_IDENTIFIER = com.mobgen.HaloResources;
				PRODUCT_NAME = "$(TARGET_NAME)";
				SKIP_INSTALL = YES;
				WRAPPER_EXTENSION = bundle;
			};
			name = Debug;
		};
		004FEC7D1BD0DCE8004216EE /* Release */ = {
			isa = XCBuildConfiguration;
			buildSettings = {
				COMBINE_HIDPI_IMAGES = YES;
				ENABLE_BITCODE = NO;
				INFOPLIST_FILE = Source/Info.plist;
				INSTALL_PATH = "$(LOCAL_LIBRARY_DIR)/Bundles";
				MACOSX_DEPLOYMENT_TARGET = 10.10;
				ONLY_ACTIVE_ARCH = NO;
				PRODUCT_BUNDLE_IDENTIFIER = com.mobgen.HaloResources;
				PRODUCT_NAME = "$(TARGET_NAME)";
				SKIP_INSTALL = YES;
				WRAPPER_EXTENSION = bundle;
			};
			name = Release;
		};
		006A5FA01B318C6E0045395A /* Debug */ = {
			isa = XCBuildConfiguration;
			buildSettings = {
				ALWAYS_SEARCH_USER_PATHS = NO;
				CLANG_CXX_LANGUAGE_STANDARD = "gnu++0x";
				CLANG_CXX_LIBRARY = "libc++";
				CLANG_ENABLE_MODULES = YES;
				CLANG_ENABLE_OBJC_ARC = YES;
				CLANG_MODULES_AUTOLINK = NO;
				CLANG_WARN_BOOL_CONVERSION = YES;
				CLANG_WARN_CONSTANT_CONVERSION = YES;
				CLANG_WARN_DIRECT_OBJC_ISA_USAGE = YES_ERROR;
				CLANG_WARN_EMPTY_BODY = YES;
				CLANG_WARN_ENUM_CONVERSION = YES;
				CLANG_WARN_INT_CONVERSION = YES;
				CLANG_WARN_OBJC_ROOT_CLASS = YES_ERROR;
				CLANG_WARN_UNREACHABLE_CODE = YES;
				CLANG_WARN__DUPLICATE_METHOD_MATCH = YES;
				COPY_PHASE_STRIP = NO;
				CURRENT_PROJECT_VERSION = 1;
				DEBUG_INFORMATION_FORMAT = "dwarf-with-dsym";
				DYLIB_INSTALL_NAME_BASE = "@rpath";
				ENABLE_STRICT_OBJC_MSGSEND = YES;
				ENABLE_TESTABILITY = YES;
				GCC_C_LANGUAGE_STANDARD = gnu99;
				GCC_DYNAMIC_NO_PIC = NO;
				GCC_NO_COMMON_BLOCKS = YES;
				GCC_OPTIMIZATION_LEVEL = 0;
				GCC_PREPROCESSOR_DEFINITIONS = (
					"DEBUG=1",
					"$(inherited)",
				);
				GCC_SYMBOLS_PRIVATE_EXTERN = NO;
				GCC_WARN_64_TO_32_BIT_CONVERSION = YES;
				GCC_WARN_ABOUT_RETURN_TYPE = YES_ERROR;
				GCC_WARN_UNDECLARED_SELECTOR = YES;
				GCC_WARN_UNINITIALIZED_AUTOS = YES_AGGRESSIVE;
				GCC_WARN_UNUSED_FUNCTION = YES;
				GCC_WARN_UNUSED_VARIABLE = YES;
				IPHONEOS_DEPLOYMENT_TARGET = 8.3;
				LD_RUNPATH_SEARCH_PATHS = "@executable_path/Frameworks @loader_path/Frameworks";
				MTL_ENABLE_DEBUG_INFO = YES;
				ONLY_ACTIVE_ARCH = YES;
				SDKROOT = iphoneos;
				SKIP_INSTALL = YES;
				SWIFT_OPTIMIZATION_LEVEL = "-Onone";
				TARGETED_DEVICE_FAMILY = "1,2";
				VALID_ARCHS = "arm64 armv7 armv7s";
				VERSIONING_SYSTEM = "apple-generic";
				VERSION_INFO_PREFIX = "";
			};
			name = Debug;
		};
		006A5FA11B318C6E0045395A /* Release */ = {
			isa = XCBuildConfiguration;
			buildSettings = {
				ALWAYS_SEARCH_USER_PATHS = NO;
				CLANG_CXX_LANGUAGE_STANDARD = "gnu++0x";
				CLANG_CXX_LIBRARY = "libc++";
				CLANG_ENABLE_MODULES = YES;
				CLANG_ENABLE_OBJC_ARC = YES;
				CLANG_MODULES_AUTOLINK = NO;
				CLANG_WARN_BOOL_CONVERSION = YES;
				CLANG_WARN_CONSTANT_CONVERSION = YES;
				CLANG_WARN_DIRECT_OBJC_ISA_USAGE = YES_ERROR;
				CLANG_WARN_EMPTY_BODY = YES;
				CLANG_WARN_ENUM_CONVERSION = YES;
				CLANG_WARN_INT_CONVERSION = YES;
				CLANG_WARN_OBJC_ROOT_CLASS = YES_ERROR;
				CLANG_WARN_UNREACHABLE_CODE = YES;
				CLANG_WARN__DUPLICATE_METHOD_MATCH = YES;
				COPY_PHASE_STRIP = NO;
				CURRENT_PROJECT_VERSION = 1;
				DEBUG_INFORMATION_FORMAT = "dwarf-with-dsym";
				DYLIB_INSTALL_NAME_BASE = "@rpath";
				ENABLE_NS_ASSERTIONS = NO;
				ENABLE_STRICT_OBJC_MSGSEND = YES;
				GCC_C_LANGUAGE_STANDARD = gnu99;
				GCC_NO_COMMON_BLOCKS = YES;
				GCC_PREPROCESSOR_DEFINITIONS = "";
				GCC_WARN_64_TO_32_BIT_CONVERSION = YES;
				GCC_WARN_ABOUT_RETURN_TYPE = YES_ERROR;
				GCC_WARN_UNDECLARED_SELECTOR = YES;
				GCC_WARN_UNINITIALIZED_AUTOS = YES_AGGRESSIVE;
				GCC_WARN_UNUSED_FUNCTION = YES;
				GCC_WARN_UNUSED_VARIABLE = YES;
				IPHONEOS_DEPLOYMENT_TARGET = 8.3;
				LD_RUNPATH_SEARCH_PATHS = "@executable_path/Frameworks @loader_path/Frameworks";
				MTL_ENABLE_DEBUG_INFO = NO;
				ONLY_ACTIVE_ARCH = NO;
				SDKROOT = iphoneos;
				SKIP_INSTALL = YES;
				SWIFT_OPTIMIZATION_LEVEL = "-Owholemodule";
				TARGETED_DEVICE_FAMILY = "1,2";
				VALIDATE_PRODUCT = YES;
				VALID_ARCHS = "arm64 armv7 armv7s";
				VERSIONING_SYSTEM = "apple-generic";
				VERSION_INFO_PREFIX = "";
			};
			name = Release;
		};
		006A5FC11B318CAC0045395A /* Debug */ = {
			isa = XCBuildConfiguration;
			buildSettings = {
				CLANG_ENABLE_MODULES = YES;
				CODE_SIGN_IDENTITY = "iPhone Developer";
				DEFINES_MODULE = YES;
				DYLIB_COMPATIBILITY_VERSION = 1;
				DYLIB_CURRENT_VERSION = 1;
				INFOPLIST_FILE = "$(SRCROOT)/Source/Info.plist";
				IPHONEOS_DEPLOYMENT_TARGET = 9.0;
				OTHER_SWIFT_FLAGS = "-DDEBUG";
				PRODUCT_BUNDLE_IDENTIFIER = com.mobgen.Halo;
				PRODUCT_NAME = "$(TARGET_NAME)";
				USER_HEADER_SEARCH_PATHS = "";
			};
			name = Debug;
		};
		006A5FC21B318CAC0045395A /* Release */ = {
			isa = XCBuildConfiguration;
			buildSettings = {
				CLANG_ENABLE_MODULES = YES;
				CODE_SIGN_IDENTITY = "iPhone Distribution";
				DEFINES_MODULE = YES;
				DYLIB_COMPATIBILITY_VERSION = 1;
				DYLIB_CURRENT_VERSION = 1;
				INFOPLIST_FILE = "$(SRCROOT)/Source/Info.plist";
				IPHONEOS_DEPLOYMENT_TARGET = 9.0;
				PRODUCT_BUNDLE_IDENTIFIER = com.mobgen.Halo;
				PRODUCT_NAME = "$(TARGET_NAME)";
				USER_HEADER_SEARCH_PATHS = "";
			};
			name = Release;
		};
		006A5FC41B318CAC0045395A /* Debug */ = {
			isa = XCBuildConfiguration;
			buildSettings = {
				EMBEDDED_CONTENT_CONTAINS_SWIFT = YES;
				FRAMEWORK_SEARCH_PATHS = (
					"$(inherited)",
					"$(PROJECT_DIR)/Carthage/Build/iOS",
				);
				GCC_INSTRUMENT_PROGRAM_FLOW_ARCS = YES;
				ONLY_ACTIVE_ARCH = NO;
				PRODUCT_NAME = "$(TARGET_NAME)";
			};
			name = Debug;
		};
		006A5FC51B318CAC0045395A /* Release */ = {
			isa = XCBuildConfiguration;
			buildSettings = {
				EMBEDDED_CONTENT_CONTAINS_SWIFT = YES;
				FRAMEWORK_SEARCH_PATHS = (
					"$(inherited)",
					"$(PROJECT_DIR)/Carthage/Build/iOS",
				);
				GCC_INSTRUMENT_PROGRAM_FLOW_ARCS = YES;
				PRODUCT_NAME = "$(TARGET_NAME)";
			};
			name = Release;
		};
/* End XCBuildConfiguration section */

/* Begin XCConfigurationList section */
		004790FE1C915C6C00C24741 /* Build configuration list for PBXNativeTarget "HaloObjC" */ = {
			isa = XCConfigurationList;
			buildConfigurations = (
				004790FF1C915C6C00C24741 /* Debug */,
				004791001C915C6C00C24741 /* Release */,
			);
			defaultConfigurationIsVisible = 0;
			defaultConfigurationName = Release;
		};
		004FEC7E1BD0DCE8004216EE /* Build configuration list for PBXNativeTarget "HaloResources" */ = {
			isa = XCConfigurationList;
			buildConfigurations = (
				004FEC7C1BD0DCE8004216EE /* Debug */,
				004FEC7D1BD0DCE8004216EE /* Release */,
			);
			defaultConfigurationIsVisible = 0;
			defaultConfigurationName = Release;
		};
		006A5F861B318C6E0045395A /* Build configuration list for PBXProject "HaloSDK" */ = {
			isa = XCConfigurationList;
			buildConfigurations = (
				006A5FA01B318C6E0045395A /* Debug */,
				006A5FA11B318C6E0045395A /* Release */,
			);
			defaultConfigurationIsVisible = 0;
			defaultConfigurationName = Release;
		};
		006A5FC01B318CAC0045395A /* Build configuration list for PBXNativeTarget "Halo" */ = {
			isa = XCConfigurationList;
			buildConfigurations = (
				006A5FC11B318CAC0045395A /* Debug */,
				006A5FC21B318CAC0045395A /* Release */,
			);
			defaultConfigurationIsVisible = 0;
			defaultConfigurationName = Release;
		};
		006A5FC31B318CAC0045395A /* Build configuration list for PBXNativeTarget "HaloTests" */ = {
			isa = XCConfigurationList;
			buildConfigurations = (
				006A5FC41B318CAC0045395A /* Debug */,
				006A5FC51B318CAC0045395A /* Release */,
			);
			defaultConfigurationIsVisible = 0;
			defaultConfigurationName = Release;
		};
/* End XCConfigurationList section */
	};
	rootObject = 006A5F831B318C6E0045395A /* Project object */;
}
