// !$*UTF8*$!
{
	archiveVersion = 1;
	classes = {
	};
	objectVersion = 46;
	objects = {

/* Begin PBXBuildFile section */
		000826FF1B6A34DE001E8248 /* Router.swift in Sources */ = {isa = PBXBuildFile; fileRef = 000826FE1B6A34DE001E8248 /* Router.swift */; };
		000827011B6A57A5001E8248 /* ModuleType.swift in Sources */ = {isa = PBXBuildFile; fileRef = 000827001B6A57A5001E8248 /* ModuleType.swift */; };
		00121E8F1BF33B5C00FD656F /* CoreManager+Modules.swift in Sources */ = {isa = PBXBuildFile; fileRef = 00121E8E1BF33B5B00FD656F /* CoreManager+Modules.swift */; };
		001C96C91D268F9C00126DD9 /* libsqlite3.tbd in Frameworks */ = {isa = PBXBuildFile; fileRef = 008E2B021C51320C00FACAB2 /* libsqlite3.tbd */; };
		00396E3B1D51E9EE00594D0A /* MobileProvisionParser.swift in Sources */ = {isa = PBXBuildFile; fileRef = 00396E3A1D51E9EE00594D0A /* MobileProvisionParser.swift */; };
		00396E471D53253600594D0A /* PaginatedModules.swift in Sources */ = {isa = PBXBuildFile; fileRef = 00396E461D53253600594D0A /* PaginatedModules.swift */; };
		00396E491D53255500594D0A /* PaginationInfo.swift in Sources */ = {isa = PBXBuildFile; fileRef = 00396E481D53255500594D0A /* PaginationInfo.swift */; };
		00396E4B1D5328B300594D0A /* PaginatedContentInstances.swift in Sources */ = {isa = PBXBuildFile; fileRef = 00396E4A1D5328B300594D0A /* PaginatedContentInstances.swift */; };
		00396E5B1D535BF300594D0A /* HaloContentManager.swift in Sources */ = {isa = PBXBuildFile; fileRef = 004791061C915D4A00C24741 /* HaloContentManager.swift */; };
		00396E5C1D535BF300594D0A /* HaloRequest.swift in Sources */ = {isa = PBXBuildFile; fileRef = 005034B11C92B11300362A8F /* HaloRequest.swift */; };
		00396E5D1D535BF300594D0A /* HaloPaginationInfo.swift in Sources */ = {isa = PBXBuildFile; fileRef = 00396E501D535B3600594D0A /* HaloPaginationInfo.swift */; };
		00396E5E1D535BF300594D0A /* HaloPaginatedModules.swift in Sources */ = {isa = PBXBuildFile; fileRef = 00396E521D535BD600594D0A /* HaloPaginatedModules.swift */; };
		00396E5F1D535BF300594D0A /* HaloModule.swift in Sources */ = {isa = PBXBuildFile; fileRef = 00396E541D535BEB00594D0A /* HaloModule.swift */; };
		00396E611D53616F00594D0A /* HaloModuleType.swift in Sources */ = {isa = PBXBuildFile; fileRef = 00396E601D53616F00594D0A /* HaloModuleType.swift */; };
		00396E631D53635600594D0A /* HaloPaginatedContentInstances.swift in Sources */ = {isa = PBXBuildFile; fileRef = 00396E621D53635600594D0A /* HaloPaginatedContentInstances.swift */; };
		00396E651D53640E00594D0A /* HaloContentInstance.swift in Sources */ = {isa = PBXBuildFile; fileRef = 00396E641D53640E00594D0A /* HaloContentInstance.swift */; };
		003B75F81C969E9800F05202 /* ParameterEncoding.swift in Sources */ = {isa = PBXBuildFile; fileRef = 003B75F71C969E9800F05202 /* ParameterEncoding.swift */; };
		0045393B1B67E8170060C30B /* Module.swift in Sources */ = {isa = PBXBuildFile; fileRef = 0045393A1B67E8170060C30B /* Module.swift */; };
		004790FC1C915C6C00C24741 /* HaloObjC.h in Headers */ = {isa = PBXBuildFile; fileRef = 004790FB1C915C6C00C24741 /* HaloObjC.h */; settings = {ATTRIBUTES = (Public, ); }; };
		004791011C915C8000C24741 /* Halo.framework in Frameworks */ = {isa = PBXBuildFile; fileRef = 006A5FAD1B318CAC0045395A /* Halo.framework */; };
		004791031C915CD100C24741 /* HaloManager.swift in Sources */ = {isa = PBXBuildFile; fileRef = 004791021C915CD100C24741 /* HaloManager.swift */; };
		004791051C915D1100C24741 /* HaloCoreManager.swift in Sources */ = {isa = PBXBuildFile; fileRef = 004791041C915D1100C24741 /* HaloCoreManager.swift */; };
		004C73C51D09657A005A14FB /* SearchFilterHelper.swift in Sources */ = {isa = PBXBuildFile; fileRef = 004C73C41D09657A005A14FB /* SearchFilterHelper.swift */; };
		004FEC721BCFB788004216EE /* Nimble.framework in Frameworks */ = {isa = PBXBuildFile; fileRef = 004FEC6F1BCFB788004216EE /* Nimble.framework */; };
		004FEC731BCFB788004216EE /* OHHTTPStubs.framework in Frameworks */ = {isa = PBXBuildFile; fileRef = 004FEC701BCFB788004216EE /* OHHTTPStubs.framework */; };
		004FEC741BCFB788004216EE /* Quick.framework in Frameworks */ = {isa = PBXBuildFile; fileRef = 004FEC711BCFB788004216EE /* Quick.framework */; };
		0053907E1B8C620B0036F579 /* oauth_success.json in Resources */ = {isa = PBXBuildFile; fileRef = 0053907D1B8C620B0036F579 /* oauth_success.json */; };
		005390821B8C655C0036F579 /* oauth_failure.json in Resources */ = {isa = PBXBuildFile; fileRef = 005390811B8C655C0036F579 /* oauth_failure.json */; };
		005390841B8C67B80036F579 /* module_list_success.json in Resources */ = {isa = PBXBuildFile; fileRef = 005390831B8C67B80036F579 /* module_list_success.json */; };
		005390861B8DB7590036F579 /* NetworkManager+User.swift in Sources */ = {isa = PBXBuildFile; fileRef = 005390851B8DB7590036F579 /* NetworkManager+User.swift */; };
		005421641CC76D230055B553 /* NSDate+Utils.swift in Sources */ = {isa = PBXBuildFile; fileRef = 005421601CC76D230055B553 /* NSDate+Utils.swift */; };
		005421651CC76D230055B553 /* NSURLRequest+cURL.swift in Sources */ = {isa = PBXBuildFile; fileRef = 005421611CC76D230055B553 /* NSURLRequest+cURL.swift */; };
		005421661CC76D230055B553 /* UIDevice+Extra.swift in Sources */ = {isa = PBXBuildFile; fileRef = 005421621CC76D230055B553 /* UIDevice+Extra.swift */; };
		005421671CC76D230055B553 /* UIImage+Async.swift in Sources */ = {isa = PBXBuildFile; fileRef = 005421631CC76D230055B553 /* UIImage+Async.swift */; };
		005421691CC785210055B553 /* Protocols.swift in Sources */ = {isa = PBXBuildFile; fileRef = 005421681CC785210055B553 /* Protocols.swift */; };
		005677F41CABC8E900B6A4F3 /* SearchOptions.swift in Sources */ = {isa = PBXBuildFile; fileRef = 005677F31CABC8E900B6A4F3 /* SearchOptions.swift */; };
		005DF3121B998BB500149B40 /* GeneralContentSpec.swift in Sources */ = {isa = PBXBuildFile; fileRef = 005DF3111B998BB500149B40 /* GeneralContentSpec.swift */; };
		005E1ED61C69FFE800ED8763 /* Result.swift in Sources */ = {isa = PBXBuildFile; fileRef = 005E1ED51C69FFE800ED8763 /* Result.swift */; };
		006264351D5B049D0036F227 /* DataProvider.swift in Sources */ = {isa = PBXBuildFile; fileRef = 006264341D5B049D0036F227 /* DataProvider.swift */; };
		006264371D5B053D0036F227 /* NetworkDataProvider.swift in Sources */ = {isa = PBXBuildFile; fileRef = 006264361D5B053D0036F227 /* NetworkDataProvider.swift */; };
		006264391D5B05F50036F227 /* Request.swift in Sources */ = {isa = PBXBuildFile; fileRef = 006264381D5B05F50036F227 /* Request.swift */; };
		0068D27C1B6778CA00B1E147 /* Token.swift in Sources */ = {isa = PBXBuildFile; fileRef = 0068D27B1B6778CA00B1E147 /* Token.swift */; };
		006A5FBF1B318CAC0045395A /* CoreSpec.swift in Sources */ = {isa = PBXBuildFile; fileRef = 006A5FBE1B318CAC0045395A /* CoreSpec.swift */; };
		006A60221B318DCC0045395A /* Manager.swift in Sources */ = {isa = PBXBuildFile; fileRef = 006A60211B318DCC0045395A /* Manager.swift */; };
		006CB9B61B870FB800EB872E /* User.swift in Sources */ = {isa = PBXBuildFile; fileRef = 006CB9B51B870FB800EB872E /* User.swift */; };
		006CB9B81B870FC400EB872E /* Tag.swift in Sources */ = {isa = PBXBuildFile; fileRef = 006CB9B71B870FC400EB872E /* Tag.swift */; };
		006CB9BA1B87116D00EB872E /* UserDevice.swift in Sources */ = {isa = PBXBuildFile; fileRef = 006CB9B91B87116D00EB872E /* UserDevice.swift */; };
		0073E6581BBE804400365DBD /* HaloAppDelegate.swift in Sources */ = {isa = PBXBuildFile; fileRef = 0073E6571BBE804400365DBD /* HaloAppDelegate.swift */; };
		007F78FF1B71F844004D1C22 /* ContentInstance.swift in Sources */ = {isa = PBXBuildFile; fileRef = 007F78FE1B71F844004D1C22 /* ContentInstance.swift */; };
		0082D9C11B987BE400298AB8 /* ModelSpec.swift in Sources */ = {isa = PBXBuildFile; fileRef = 0082D9C01B987BE400298AB8 /* ModelSpec.swift */; };
		0082D9C31B98911200298AB8 /* instance_list_success.json in Resources */ = {isa = PBXBuildFile; fileRef = 0082D9C21B98911200298AB8 /* instance_list_success.json */; };
		0086F52E1B6C20C2001F70DE /* ContentManager.swift in Sources */ = {isa = PBXBuildFile; fileRef = 0086F52D1B6C20C2001F70DE /* ContentManager.swift */; };
		008DB38B1CEA15D9001D6CDB /* Errors.swift in Sources */ = {isa = PBXBuildFile; fileRef = 008DB38A1CEA15D9001D6CDB /* Errors.swift */; };
		008E2B071C5132DC00FACAB2 /* SystemConfiguration.framework in Frameworks */ = {isa = PBXBuildFile; fileRef = 008E2B061C5132DC00FACAB2 /* SystemConfiguration.framework */; };
		0090DFCF1C89BF9500BAF181 /* CloudinaryURL.swift in Sources */ = {isa = PBXBuildFile; fileRef = 0090DFCE1C89BF9500BAF181 /* CloudinaryURL.swift */; };
		0090DFD11C89E08200BAF181 /* CloudinaryURLOptions.swift in Sources */ = {isa = PBXBuildFile; fileRef = 0090DFD01C89E08200BAF181 /* CloudinaryURLOptions.swift */; };
		0094A3201B70A6A600DED864 /* NetworkManager.swift in Sources */ = {isa = PBXBuildFile; fileRef = 0094A31F1B70A6A600DED864 /* NetworkManager.swift */; };
		009961581C32A2F200EC72F9 /* Nimble.framework in CopyFiles */ = {isa = PBXBuildFile; fileRef = 004FEC6F1BCFB788004216EE /* Nimble.framework */; settings = {ATTRIBUTES = (CodeSignOnCopy, RemoveHeadersOnCopy, ); }; };
		009961591C32A2F200EC72F9 /* OHHTTPStubs.framework in CopyFiles */ = {isa = PBXBuildFile; fileRef = 004FEC701BCFB788004216EE /* OHHTTPStubs.framework */; settings = {ATTRIBUTES = (CodeSignOnCopy, RemoveHeadersOnCopy, ); }; };
		0099615A1C32A2F200EC72F9 /* Quick.framework in CopyFiles */ = {isa = PBXBuildFile; fileRef = 004FEC711BCFB788004216EE /* Quick.framework */; settings = {ATTRIBUTES = (CodeSignOnCopy, RemoveHeadersOnCopy, ); }; };
		00A409221D0FE72F005D4FB0 /* Foundation.framework in Frameworks */ = {isa = PBXBuildFile; fileRef = 00A409211D0FE72F005D4FB0 /* Foundation.framework */; };
		00AA69501D268E5B00F0C455 /* libz.tbd in Frameworks */ = {isa = PBXBuildFile; fileRef = 008E2B5A1C524DAB00FACAB2 /* libz.tbd */; };
		00BBE04F1CBD2B1500B118AF /* Locale.swift in Sources */ = {isa = PBXBuildFile; fileRef = 00BBE04E1CBD2B1500B118AF /* Locale.swift */; };
		00DD96C21BD02F0200AF65CA /* halo.cer in Resources */ = {isa = PBXBuildFile; fileRef = 006238251BCE5B8900E614B3 /* halo.cer */; };
		00E043CF1C848723008270DE /* CoreManager.swift in Sources */ = {isa = PBXBuildFile; fileRef = 00E043CE1C848723008270DE /* CoreManager.swift */; };
		00E508391CB691EB00B4B5AE /* SearchFilter.swift in Sources */ = {isa = PBXBuildFile; fileRef = 00E508381CB691EB00B4B5AE /* SearchFilter.swift */; };
		00EC9D371C43F72F00A3291D /* Credentials.swift in Sources */ = {isa = PBXBuildFile; fileRef = 00EC9D361C43F72F00A3291D /* Credentials.swift */; };
		00FF95621B4547D200E751E3 /* CoreConstants.swift in Sources */ = {isa = PBXBuildFile; fileRef = 00FF95611B4547D200E751E3 /* CoreConstants.swift */; };
/* End PBXBuildFile section */

/* Begin PBXContainerItemProxy section */
		0047913B1C9179F000C24741 /* PBXContainerItemProxy */ = {
			isa = PBXContainerItemProxy;
			containerPortal = 006A5F831B318C6E0045395A /* Project object */;
			proxyType = 1;
			remoteGlobalIDString = 006A5FAC1B318CAC0045395A;
			remoteInfo = Halo;
		};
		0091C0141B779CDE0054EA75 /* PBXContainerItemProxy */ = {
			isa = PBXContainerItemProxy;
			containerPortal = 006A5F831B318C6E0045395A /* Project object */;
			proxyType = 1;
			remoteGlobalIDString = 006A5FAC1B318CAC0045395A;
			remoteInfo = Halo;
		};
/* End PBXContainerItemProxy section */

/* Begin PBXCopyFilesBuildPhase section */
		0091C0111B7797DC0054EA75 /* CopyFiles */ = {
			isa = PBXCopyFilesBuildPhase;
			buildActionMask = 2147483647;
			dstPath = "";
			dstSubfolderSpec = 10;
			files = (
				009961581C32A2F200EC72F9 /* Nimble.framework in CopyFiles */,
				009961591C32A2F200EC72F9 /* OHHTTPStubs.framework in CopyFiles */,
				0099615A1C32A2F200EC72F9 /* Quick.framework in CopyFiles */,
			);
			runOnlyForDeploymentPostprocessing = 0;
		};
/* End PBXCopyFilesBuildPhase section */

/* Begin PBXFileReference section */
		000826FE1B6A34DE001E8248 /* Router.swift */ = {isa = PBXFileReference; fileEncoding = 4; lastKnownFileType = sourcecode.swift; path = Router.swift; sourceTree = "<group>"; };
		000827001B6A57A5001E8248 /* ModuleType.swift */ = {isa = PBXFileReference; fileEncoding = 4; lastKnownFileType = sourcecode.swift; path = ModuleType.swift; sourceTree = "<group>"; };
		00121E8E1BF33B5B00FD656F /* CoreManager+Modules.swift */ = {isa = PBXFileReference; fileEncoding = 4; lastKnownFileType = sourcecode.swift; path = "CoreManager+Modules.swift"; sourceTree = "<group>"; };
		00396E3A1D51E9EE00594D0A /* MobileProvisionParser.swift */ = {isa = PBXFileReference; fileEncoding = 4; lastKnownFileType = sourcecode.swift; name = MobileProvisionParser.swift; path = Source/Helpers/MobileProvisionParser.swift; sourceTree = "<group>"; };
		00396E461D53253600594D0A /* PaginatedModules.swift */ = {isa = PBXFileReference; fileEncoding = 4; lastKnownFileType = sourcecode.swift; path = PaginatedModules.swift; sourceTree = "<group>"; };
		00396E481D53255500594D0A /* PaginationInfo.swift */ = {isa = PBXFileReference; fileEncoding = 4; lastKnownFileType = sourcecode.swift; path = PaginationInfo.swift; sourceTree = "<group>"; };
		00396E4A1D5328B300594D0A /* PaginatedContentInstances.swift */ = {isa = PBXFileReference; fileEncoding = 4; lastKnownFileType = sourcecode.swift; path = PaginatedContentInstances.swift; sourceTree = "<group>"; };
		00396E501D535B3600594D0A /* HaloPaginationInfo.swift */ = {isa = PBXFileReference; fileEncoding = 4; lastKnownFileType = sourcecode.swift; path = HaloPaginationInfo.swift; sourceTree = "<group>"; };
		00396E521D535BD600594D0A /* HaloPaginatedModules.swift */ = {isa = PBXFileReference; fileEncoding = 4; lastKnownFileType = sourcecode.swift; path = HaloPaginatedModules.swift; sourceTree = "<group>"; };
		00396E541D535BEB00594D0A /* HaloModule.swift */ = {isa = PBXFileReference; fileEncoding = 4; lastKnownFileType = sourcecode.swift; path = HaloModule.swift; sourceTree = "<group>"; };
		00396E601D53616F00594D0A /* HaloModuleType.swift */ = {isa = PBXFileReference; fileEncoding = 4; lastKnownFileType = sourcecode.swift; path = HaloModuleType.swift; sourceTree = "<group>"; };
		00396E621D53635600594D0A /* HaloPaginatedContentInstances.swift */ = {isa = PBXFileReference; fileEncoding = 4; lastKnownFileType = sourcecode.swift; path = HaloPaginatedContentInstances.swift; sourceTree = "<group>"; };
		00396E641D53640E00594D0A /* HaloContentInstance.swift */ = {isa = PBXFileReference; fileEncoding = 4; lastKnownFileType = sourcecode.swift; path = HaloContentInstance.swift; sourceTree = "<group>"; };
		003B75F71C969E9800F05202 /* ParameterEncoding.swift */ = {isa = PBXFileReference; fileEncoding = 4; lastKnownFileType = sourcecode.swift; path = ParameterEncoding.swift; sourceTree = "<group>"; };
		003CA6BD1B84C3DE00819611 /* CoreBluetooth.framework */ = {isa = PBXFileReference; lastKnownFileType = wrapper.framework; name = CoreBluetooth.framework; path = System/Library/Frameworks/CoreBluetooth.framework; sourceTree = SDKROOT; };
		0045393A1B67E8170060C30B /* Module.swift */ = {isa = PBXFileReference; fileEncoding = 4; lastKnownFileType = sourcecode.swift; path = Module.swift; sourceTree = "<group>"; };
		004790F91C915C6C00C24741 /* HaloObjC.framework */ = {isa = PBXFileReference; explicitFileType = wrapper.framework; includeInIndex = 0; path = HaloObjC.framework; sourceTree = BUILT_PRODUCTS_DIR; };
		004790FB1C915C6C00C24741 /* HaloObjC.h */ = {isa = PBXFileReference; lastKnownFileType = sourcecode.c.h; path = HaloObjC.h; sourceTree = "<group>"; };
		004791021C915CD100C24741 /* HaloManager.swift */ = {isa = PBXFileReference; fileEncoding = 4; lastKnownFileType = sourcecode.swift; path = HaloManager.swift; sourceTree = "<group>"; };
		004791041C915D1100C24741 /* HaloCoreManager.swift */ = {isa = PBXFileReference; fileEncoding = 4; lastKnownFileType = sourcecode.swift; path = HaloCoreManager.swift; sourceTree = "<group>"; };
		004791061C915D4A00C24741 /* HaloContentManager.swift */ = {isa = PBXFileReference; fileEncoding = 4; lastKnownFileType = sourcecode.swift; path = HaloContentManager.swift; sourceTree = "<group>"; };
		004C73C41D09657A005A14FB /* SearchFilterHelper.swift */ = {isa = PBXFileReference; fileEncoding = 4; lastKnownFileType = sourcecode.swift; name = SearchFilterHelper.swift; path = Source/Helpers/SearchFilterHelper.swift; sourceTree = "<group>"; };
		004FEC6F1BCFB788004216EE /* Nimble.framework */ = {isa = PBXFileReference; lastKnownFileType = wrapper.framework; name = Nimble.framework; path = Carthage/Build/iOS/Nimble.framework; sourceTree = "<group>"; };
		004FEC701BCFB788004216EE /* OHHTTPStubs.framework */ = {isa = PBXFileReference; lastKnownFileType = wrapper.framework; name = OHHTTPStubs.framework; path = Carthage/Build/iOS/OHHTTPStubs.framework; sourceTree = "<group>"; };
		004FEC711BCFB788004216EE /* Quick.framework */ = {isa = PBXFileReference; lastKnownFileType = wrapper.framework; name = Quick.framework; path = Carthage/Build/iOS/Quick.framework; sourceTree = "<group>"; };
		005034B11C92B11300362A8F /* HaloRequest.swift */ = {isa = PBXFileReference; fileEncoding = 4; lastKnownFileType = sourcecode.swift; path = HaloRequest.swift; sourceTree = "<group>"; };
		0053907D1B8C620B0036F579 /* oauth_success.json */ = {isa = PBXFileReference; fileEncoding = 4; lastKnownFileType = text.json; path = oauth_success.json; sourceTree = "<group>"; };
		005390811B8C655C0036F579 /* oauth_failure.json */ = {isa = PBXFileReference; fileEncoding = 4; lastKnownFileType = text.json; path = oauth_failure.json; sourceTree = "<group>"; };
		005390831B8C67B80036F579 /* module_list_success.json */ = {isa = PBXFileReference; fileEncoding = 4; lastKnownFileType = text.json; path = module_list_success.json; sourceTree = "<group>"; };
		005390851B8DB7590036F579 /* NetworkManager+User.swift */ = {isa = PBXFileReference; fileEncoding = 4; lastKnownFileType = sourcecode.swift; path = "NetworkManager+User.swift"; sourceTree = "<group>"; };
		005421601CC76D230055B553 /* NSDate+Utils.swift */ = {isa = PBXFileReference; fileEncoding = 4; lastKnownFileType = sourcecode.swift; path = "NSDate+Utils.swift"; sourceTree = "<group>"; };
		005421611CC76D230055B553 /* NSURLRequest+cURL.swift */ = {isa = PBXFileReference; fileEncoding = 4; lastKnownFileType = sourcecode.swift; path = "NSURLRequest+cURL.swift"; sourceTree = "<group>"; };
		005421621CC76D230055B553 /* UIDevice+Extra.swift */ = {isa = PBXFileReference; fileEncoding = 4; lastKnownFileType = sourcecode.swift; path = "UIDevice+Extra.swift"; sourceTree = "<group>"; };
		005421631CC76D230055B553 /* UIImage+Async.swift */ = {isa = PBXFileReference; fileEncoding = 4; lastKnownFileType = sourcecode.swift; path = "UIImage+Async.swift"; sourceTree = "<group>"; };
		005421681CC785210055B553 /* Protocols.swift */ = {isa = PBXFileReference; fileEncoding = 4; lastKnownFileType = sourcecode.swift; path = Protocols.swift; sourceTree = "<group>"; };
		005677F31CABC8E900B6A4F3 /* SearchOptions.swift */ = {isa = PBXFileReference; fileEncoding = 4; lastKnownFileType = sourcecode.swift; path = SearchOptions.swift; sourceTree = "<group>"; };
		005DF3111B998BB500149B40 /* GeneralContentSpec.swift */ = {isa = PBXFileReference; fileEncoding = 4; lastKnownFileType = sourcecode.swift; path = GeneralContentSpec.swift; sourceTree = "<group>"; };
		005E1ED51C69FFE800ED8763 /* Result.swift */ = {isa = PBXFileReference; fileEncoding = 4; lastKnownFileType = sourcecode.swift; path = Result.swift; sourceTree = "<group>"; };
		006238251BCE5B8900E614B3 /* halo.cer */ = {isa = PBXFileReference; lastKnownFileType = file; path = halo.cer; sourceTree = "<group>"; };
		006264341D5B049D0036F227 /* DataProvider.swift */ = {isa = PBXFileReference; fileEncoding = 4; lastKnownFileType = sourcecode.swift; path = DataProvider.swift; sourceTree = "<group>"; };
		006264361D5B053D0036F227 /* NetworkDataProvider.swift */ = {isa = PBXFileReference; fileEncoding = 4; lastKnownFileType = sourcecode.swift; path = NetworkDataProvider.swift; sourceTree = "<group>"; };
		006264381D5B05F50036F227 /* Request.swift */ = {isa = PBXFileReference; fileEncoding = 4; lastKnownFileType = sourcecode.swift; path = Request.swift; sourceTree = "<group>"; };
		0068D27B1B6778CA00B1E147 /* Token.swift */ = {isa = PBXFileReference; fileEncoding = 4; lastKnownFileType = sourcecode.swift; path = Token.swift; sourceTree = "<group>"; };
		006A5FAD1B318CAC0045395A /* Halo.framework */ = {isa = PBXFileReference; explicitFileType = wrapper.framework; includeInIndex = 0; path = Halo.framework; sourceTree = BUILT_PRODUCTS_DIR; };
		006A5FB71B318CAC0045395A /* HaloTests.xctest */ = {isa = PBXFileReference; explicitFileType = wrapper.cfbundle; includeInIndex = 0; path = HaloTests.xctest; sourceTree = BUILT_PRODUCTS_DIR; };
		006A5FBD1B318CAC0045395A /* Info.plist */ = {isa = PBXFileReference; lastKnownFileType = text.plist.xml; path = Info.plist; sourceTree = "<group>"; };
		006A5FBE1B318CAC0045395A /* CoreSpec.swift */ = {isa = PBXFileReference; lastKnownFileType = sourcecode.swift; path = CoreSpec.swift; sourceTree = "<group>"; };
		006A60211B318DCC0045395A /* Manager.swift */ = {isa = PBXFileReference; fileEncoding = 4; lastKnownFileType = sourcecode.swift; path = Manager.swift; sourceTree = "<group>"; };
		006CB9901B85BBA100EB872E /* Info.plist */ = {isa = PBXFileReference; lastKnownFileType = text.plist.xml; name = Info.plist; path = Resources/Info.plist; sourceTree = "<group>"; };
		006CB9B51B870FB800EB872E /* User.swift */ = {isa = PBXFileReference; fileEncoding = 4; lastKnownFileType = sourcecode.swift; path = User.swift; sourceTree = "<group>"; };
		006CB9B71B870FC400EB872E /* Tag.swift */ = {isa = PBXFileReference; fileEncoding = 4; lastKnownFileType = sourcecode.swift; path = Tag.swift; sourceTree = "<group>"; };
		006CB9B91B87116D00EB872E /* UserDevice.swift */ = {isa = PBXFileReference; fileEncoding = 4; lastKnownFileType = sourcecode.swift; path = UserDevice.swift; sourceTree = "<group>"; };
		0073E6571BBE804400365DBD /* HaloAppDelegate.swift */ = {isa = PBXFileReference; fileEncoding = 4; lastKnownFileType = sourcecode.swift; path = HaloAppDelegate.swift; sourceTree = "<group>"; };
		007F78FE1B71F844004D1C22 /* ContentInstance.swift */ = {isa = PBXFileReference; fileEncoding = 4; lastKnownFileType = sourcecode.swift; path = ContentInstance.swift; sourceTree = "<group>"; };
		0082D9C01B987BE400298AB8 /* ModelSpec.swift */ = {isa = PBXFileReference; fileEncoding = 4; lastKnownFileType = sourcecode.swift; path = ModelSpec.swift; sourceTree = "<group>"; };
		0082D9C21B98911200298AB8 /* instance_list_success.json */ = {isa = PBXFileReference; fileEncoding = 4; lastKnownFileType = text.json; path = instance_list_success.json; sourceTree = "<group>"; };
		0086F52D1B6C20C2001F70DE /* ContentManager.swift */ = {isa = PBXFileReference; fileEncoding = 4; lastKnownFileType = sourcecode.swift; path = ContentManager.swift; sourceTree = "<group>"; };
		008DB38A1CEA15D9001D6CDB /* Errors.swift */ = {isa = PBXFileReference; fileEncoding = 4; lastKnownFileType = sourcecode.swift; path = Errors.swift; sourceTree = "<group>"; };
		008E2B021C51320C00FACAB2 /* libsqlite3.tbd */ = {isa = PBXFileReference; lastKnownFileType = "sourcecode.text-based-dylib-definition"; name = libsqlite3.tbd; path = usr/lib/libsqlite3.tbd; sourceTree = SDKROOT; };
		008E2B061C5132DC00FACAB2 /* SystemConfiguration.framework */ = {isa = PBXFileReference; lastKnownFileType = wrapper.framework; name = SystemConfiguration.framework; path = System/Library/Frameworks/SystemConfiguration.framework; sourceTree = SDKROOT; };
		008E2B581C524D7F00FACAB2 /* AddressBook.framework */ = {isa = PBXFileReference; lastKnownFileType = wrapper.framework; name = AddressBook.framework; path = System/Library/Frameworks/AddressBook.framework; sourceTree = SDKROOT; };
		008E2B5A1C524DAB00FACAB2 /* libz.tbd */ = {isa = PBXFileReference; lastKnownFileType = "sourcecode.text-based-dylib-definition"; name = libz.tbd; path = usr/lib/libz.tbd; sourceTree = SDKROOT; };
		0090DFCE1C89BF9500BAF181 /* CloudinaryURL.swift */ = {isa = PBXFileReference; fileEncoding = 4; lastKnownFileType = sourcecode.swift; name = CloudinaryURL.swift; path = Source/Helpers/CloudinaryURL.swift; sourceTree = "<group>"; };
		0090DFD01C89E08200BAF181 /* CloudinaryURLOptions.swift */ = {isa = PBXFileReference; fileEncoding = 4; lastKnownFileType = sourcecode.swift; name = CloudinaryURLOptions.swift; path = Source/Helpers/CloudinaryURLOptions.swift; sourceTree = "<group>"; };
		0094A31F1B70A6A600DED864 /* NetworkManager.swift */ = {isa = PBXFileReference; fileEncoding = 4; lastKnownFileType = sourcecode.swift; lineEnding = 0; path = NetworkManager.swift; sourceTree = "<group>"; xcLanguageSpecificationIdentifier = xcode.lang.swift; };
		00A409211D0FE72F005D4FB0 /* Foundation.framework */ = {isa = PBXFileReference; lastKnownFileType = wrapper.framework; name = Foundation.framework; path = System/Library/Frameworks/Foundation.framework; sourceTree = SDKROOT; };
		00BBE04E1CBD2B1500B118AF /* Locale.swift */ = {isa = PBXFileReference; fileEncoding = 4; lastKnownFileType = sourcecode.swift; path = Locale.swift; sourceTree = "<group>"; };
		00E043CE1C848723008270DE /* CoreManager.swift */ = {isa = PBXFileReference; fileEncoding = 4; lastKnownFileType = sourcecode.swift; path = CoreManager.swift; sourceTree = "<group>"; };
		00E508381CB691EB00B4B5AE /* SearchFilter.swift */ = {isa = PBXFileReference; fileEncoding = 4; lastKnownFileType = sourcecode.swift; path = SearchFilter.swift; sourceTree = "<group>"; };
		00EC9D361C43F72F00A3291D /* Credentials.swift */ = {isa = PBXFileReference; fileEncoding = 4; lastKnownFileType = sourcecode.swift; path = Credentials.swift; sourceTree = "<group>"; };
		00FF95611B4547D200E751E3 /* CoreConstants.swift */ = {isa = PBXFileReference; fileEncoding = 4; lastKnownFileType = sourcecode.swift; path = CoreConstants.swift; sourceTree = "<group>"; };
/* End PBXFileReference section */

/* Begin PBXFrameworksBuildPhase section */
		004790F51C915C6C00C24741 /* Frameworks */ = {
			isa = PBXFrameworksBuildPhase;
			buildActionMask = 2147483647;
			files = (
				004791011C915C8000C24741 /* Halo.framework in Frameworks */,
			);
			runOnlyForDeploymentPostprocessing = 0;
		};
		006A5FA91B318CAC0045395A /* Frameworks */ = {
			isa = PBXFrameworksBuildPhase;
			buildActionMask = 2147483647;
			files = (
				001C96C91D268F9C00126DD9 /* libsqlite3.tbd in Frameworks */,
				00AA69501D268E5B00F0C455 /* libz.tbd in Frameworks */,
				00A409221D0FE72F005D4FB0 /* Foundation.framework in Frameworks */,
				008E2B071C5132DC00FACAB2 /* SystemConfiguration.framework in Frameworks */,
			);
			runOnlyForDeploymentPostprocessing = 0;
		};
		006A5FB41B318CAC0045395A /* Frameworks */ = {
			isa = PBXFrameworksBuildPhase;
			buildActionMask = 2147483647;
			files = (
				004FEC721BCFB788004216EE /* Nimble.framework in Frameworks */,
				004FEC731BCFB788004216EE /* OHHTTPStubs.framework in Frameworks */,
				004FEC741BCFB788004216EE /* Quick.framework in Frameworks */,
			);
			runOnlyForDeploymentPostprocessing = 0;
		};
/* End PBXFrameworksBuildPhase section */

/* Begin PBXGroup section */
		004539391B67E8090060C30B /* Model */ = {
			isa = PBXGroup;
			children = (
				007F78FE1B71F844004D1C22 /* ContentInstance.swift */,
				0045393A1B67E8170060C30B /* Module.swift */,
				000827001B6A57A5001E8248 /* ModuleType.swift */,
				006CB9B71B870FC400EB872E /* Tag.swift */,
				0068D27B1B6778CA00B1E147 /* Token.swift */,
				006CB9B51B870FB800EB872E /* User.swift */,
				006CB9B91B87116D00EB872E /* UserDevice.swift */,
				00396E461D53253600594D0A /* PaginatedModules.swift */,
				00396E481D53255500594D0A /* PaginationInfo.swift */,
				00396E4A1D5328B300594D0A /* PaginatedContentInstances.swift */,
			);
			name = Model;
			path = Source/Model;
			sourceTree = "<group>";
		};
		004790EE1C9159BE00C24741 /* Swift */ = {
			isa = PBXGroup;
			children = (
				006A5FAE1B318CAC0045395A /* Core */,
				006264331D5B048E0036F227 /* DataProviders */,
				0054215F1CC76D230055B553 /* Extensions */,
				00D1A36F1B42CA45008DFB71 /* GeneralContent */,
				0090DFCD1C89BF7000BAF181 /* Helpers */,
				004539391B67E8090060C30B /* Model */,
				006A5FCC1B318CBC0045395A /* Networking */,
			);
			name = Swift;
			sourceTree = "<group>";
		};
		004790FA1C915C6C00C24741 /* ObjC */ = {
			isa = PBXGroup;
			children = (
				004790FB1C915C6C00C24741 /* HaloObjC.h */,
				004791021C915CD100C24741 /* HaloManager.swift */,
				004791041C915D1100C24741 /* HaloCoreManager.swift */,
				004791061C915D4A00C24741 /* HaloContentManager.swift */,
				005034B11C92B11300362A8F /* HaloRequest.swift */,
				00396E501D535B3600594D0A /* HaloPaginationInfo.swift */,
				00396E521D535BD600594D0A /* HaloPaginatedModules.swift */,
				00396E541D535BEB00594D0A /* HaloModule.swift */,
				00396E601D53616F00594D0A /* HaloModuleType.swift */,
				00396E621D53635600594D0A /* HaloPaginatedContentInstances.swift */,
				00396E641D53640E00594D0A /* HaloContentInstance.swift */,
			);
			name = ObjC;
			path = HaloObjC;
			sourceTree = "<group>";
		};
		0054215F1CC76D230055B553 /* Extensions */ = {
			isa = PBXGroup;
			children = (
				005421601CC76D230055B553 /* NSDate+Utils.swift */,
				005421611CC76D230055B553 /* NSURLRequest+cURL.swift */,
				005421621CC76D230055B553 /* UIDevice+Extra.swift */,
				005421631CC76D230055B553 /* UIImage+Async.swift */,
			);
			name = Extensions;
			path = Source/Extensions;
			sourceTree = "<group>";
		};
		005C577F1B5CE6BF0018839D /* Frameworks */ = {
			isa = PBXGroup;
			children = (
				00A409211D0FE72F005D4FB0 /* Foundation.framework */,
				008E2B5A1C524DAB00FACAB2 /* libz.tbd */,
				008E2B021C51320C00FACAB2 /* libsqlite3.tbd */,
				008E2B581C524D7F00FACAB2 /* AddressBook.framework */,
				008E2B061C5132DC00FACAB2 /* SystemConfiguration.framework */,
				004FEC6F1BCFB788004216EE /* Nimble.framework */,
				004FEC701BCFB788004216EE /* OHHTTPStubs.framework */,
				004FEC711BCFB788004216EE /* Quick.framework */,
				003CA6BD1B84C3DE00819611 /* CoreBluetooth.framework */,
			);
			name = Frameworks;
			sourceTree = "<group>";
		};
		006264331D5B048E0036F227 /* DataProviders */ = {
			isa = PBXGroup;
			children = (
				006264381D5B05F50036F227 /* Request.swift */,
				006264341D5B049D0036F227 /* DataProvider.swift */,
				006264361D5B053D0036F227 /* NetworkDataProvider.swift */,
			);
			name = DataProviders;
			path = Source/DataProviders;
			sourceTree = "<group>";
		};
		006A5F821B318C6E0045395A = {
			isa = PBXGroup;
			children = (
				004790EE1C9159BE00C24741 /* Swift */,
				004790FA1C915C6C00C24741 /* ObjC */,
				006A5F8D1B318C6E0045395A /* Products */,
				006CB97D1B85B87200EB872E /* Resources */,
				006A5FCD1B318CBC0045395A /* Supporting Files */,
				005C577F1B5CE6BF0018839D /* Frameworks */,
				006A5FBB1B318CAC0045395A /* Tests */,
			);
			sourceTree = "<group>";
		};
		006A5F8D1B318C6E0045395A /* Products */ = {
			isa = PBXGroup;
			children = (
				006A5FAD1B318CAC0045395A /* Halo.framework */,
				006A5FB71B318CAC0045395A /* HaloTests.xctest */,
				004790F91C915C6C00C24741 /* HaloObjC.framework */,
			);
			name = Products;
			sourceTree = "<group>";
		};
		006A5FAE1B318CAC0045395A /* Core */ = {
			isa = PBXGroup;
			children = (
				00FF95611B4547D200E751E3 /* CoreConstants.swift */,
				00E043CE1C848723008270DE /* CoreManager.swift */,
				00121E8E1BF33B5B00FD656F /* CoreManager+Modules.swift */,
				00EC9D361C43F72F00A3291D /* Credentials.swift */,
				0073E6571BBE804400365DBD /* HaloAppDelegate.swift */,
				006A60211B318DCC0045395A /* Manager.swift */,
				005421681CC785210055B553 /* Protocols.swift */,
				005E1ED51C69FFE800ED8763 /* Result.swift */,
				008DB38A1CEA15D9001D6CDB /* Errors.swift */,
			);
			name = Core;
			path = Source/Core;
			sourceTree = "<group>";
		};
		006A5FBB1B318CAC0045395A /* Tests */ = {
			isa = PBXGroup;
			children = (
				0082D9C01B987BE400298AB8 /* ModelSpec.swift */,
				006A5FBE1B318CAC0045395A /* CoreSpec.swift */,
				005DF3111B998BB500149B40 /* GeneralContentSpec.swift */,
				006A5FBC1B318CAC0045395A /* Supporting Files */,
				0053907D1B8C620B0036F579 /* oauth_success.json */,
				005390811B8C655C0036F579 /* oauth_failure.json */,
				005390831B8C67B80036F579 /* module_list_success.json */,
				0082D9C21B98911200298AB8 /* instance_list_success.json */,
			);
			path = Tests;
			sourceTree = "<group>";
		};
		006A5FBC1B318CAC0045395A /* Supporting Files */ = {
			isa = PBXGroup;
			children = (
				006A5FBD1B318CAC0045395A /* Info.plist */,
			);
			name = "Supporting Files";
			sourceTree = "<group>";
		};
		006A5FCC1B318CBC0045395A /* Networking */ = {
			isa = PBXGroup;
			children = (
				0094A31F1B70A6A600DED864 /* NetworkManager.swift */,
				005390851B8DB7590036F579 /* NetworkManager+User.swift */,
				000826FE1B6A34DE001E8248 /* Router.swift */,
				003B75F71C969E9800F05202 /* ParameterEncoding.swift */,
			);
			name = Networking;
			path = Source/Networking;
			sourceTree = "<group>";
		};
		006A5FCD1B318CBC0045395A /* Supporting Files */ = {
			isa = PBXGroup;
			children = (
				006CB9901B85BBA100EB872E /* Info.plist */,
			);
			name = "Supporting Files";
			path = Source;
			sourceTree = "<group>";
		};
		006CB97D1B85B87200EB872E /* Resources */ = {
			isa = PBXGroup;
			children = (
				006238251BCE5B8900E614B3 /* halo.cer */,
			);
			name = Resources;
			path = Source/Resources;
			sourceTree = "<group>";
		};
		0090DFCD1C89BF7000BAF181 /* Helpers */ = {
			isa = PBXGroup;
			children = (
				0090DFCE1C89BF9500BAF181 /* CloudinaryURL.swift */,
				0090DFD01C89E08200BAF181 /* CloudinaryURLOptions.swift */,
				004C73C41D09657A005A14FB /* SearchFilterHelper.swift */,
				00396E3A1D51E9EE00594D0A /* MobileProvisionParser.swift */,
			);
			name = Helpers;
			sourceTree = "<group>";
		};
		00D1A36F1B42CA45008DFB71 /* GeneralContent */ = {
			isa = PBXGroup;
			children = (
				0086F52D1B6C20C2001F70DE /* ContentManager.swift */,
				005677F31CABC8E900B6A4F3 /* SearchOptions.swift */,
				00E508381CB691EB00B4B5AE /* SearchFilter.swift */,
				00BBE04E1CBD2B1500B118AF /* Locale.swift */,
			);
			name = GeneralContent;
			path = Source/GeneralContent;
			sourceTree = "<group>";
		};
/* End PBXGroup section */

/* Begin PBXHeadersBuildPhase section */
		004790F61C915C6C00C24741 /* Headers */ = {
			isa = PBXHeadersBuildPhase;
			buildActionMask = 2147483647;
			files = (
				004790FC1C915C6C00C24741 /* HaloObjC.h in Headers */,
			);
			runOnlyForDeploymentPostprocessing = 0;
		};
		006A5FAA1B318CAC0045395A /* Headers */ = {
			isa = PBXHeadersBuildPhase;
			buildActionMask = 2147483647;
			files = (
			);
			runOnlyForDeploymentPostprocessing = 0;
		};
/* End PBXHeadersBuildPhase section */

/* Begin PBXNativeTarget section */
		004790F81C915C6C00C24741 /* HaloObjC */ = {
			isa = PBXNativeTarget;
			buildConfigurationList = 004790FE1C915C6C00C24741 /* Build configuration list for PBXNativeTarget "HaloObjC" */;
			buildPhases = (
				004790F41C915C6C00C24741 /* Sources */,
				004790F51C915C6C00C24741 /* Frameworks */,
				004790F61C915C6C00C24741 /* Headers */,
				004790F71C915C6C00C24741 /* Resources */,
			);
			buildRules = (
			);
			dependencies = (
				0047913C1C9179F000C24741 /* PBXTargetDependency */,
			);
			name = HaloObjC;
			productName = HaloObjC;
			productReference = 004790F91C915C6C00C24741 /* HaloObjC.framework */;
			productType = "com.apple.product-type.framework";
		};
		006A5FAC1B318CAC0045395A /* Halo */ = {
			isa = PBXNativeTarget;
			buildConfigurationList = 006A5FC01B318CAC0045395A /* Build configuration list for PBXNativeTarget "Halo" */;
			buildPhases = (
				006A5FA81B318CAC0045395A /* Sources */,
				006A5FA91B318CAC0045395A /* Frameworks */,
				006A5FAA1B318CAC0045395A /* Headers */,
				006A5FAB1B318CAC0045395A /* Resources */,
				00A34E861BDF9F9E0080DD93 /* Documentation */,
			);
			buildRules = (
			);
			dependencies = (
			);
			name = Halo;
			productName = MoMOSCore;
			productReference = 006A5FAD1B318CAC0045395A /* Halo.framework */;
			productType = "com.apple.product-type.framework";
		};
		006A5FB61B318CAC0045395A /* HaloTests */ = {
			isa = PBXNativeTarget;
			buildConfigurationList = 006A5FC31B318CAC0045395A /* Build configuration list for PBXNativeTarget "HaloTests" */;
			buildPhases = (
				006A5FB31B318CAC0045395A /* Sources */,
				006A5FB41B318CAC0045395A /* Frameworks */,
				006A5FB51B318CAC0045395A /* Resources */,
				0091C0111B7797DC0054EA75 /* CopyFiles */,
			);
			buildRules = (
			);
			dependencies = (
				0091C0151B779CDE0054EA75 /* PBXTargetDependency */,
			);
			name = HaloTests;
			productName = MoMOSCoreTests;
			productReference = 006A5FB71B318CAC0045395A /* HaloTests.xctest */;
			productType = "com.apple.product-type.bundle.unit-test";
		};
/* End PBXNativeTarget section */

/* Begin PBXProject section */
		006A5F831B318C6E0045395A /* Project object */ = {
			isa = PBXProject;
			attributes = {
				CLASSPREFIX = "";
				LastSwiftUpdateCheck = 0720;
				LastUpgradeCheck = 0710;
				ORGANIZATIONNAME = "MOBGEN Technology";
				TargetAttributes = {
					004790F81C915C6C00C24741 = {
						CreatedOnToolsVersion = 7.2.1;
					};
					006A5FAC1B318CAC0045395A = {
						CreatedOnToolsVersion = 6.3.2;
					};
					006A5FB61B318CAC0045395A = {
						CreatedOnToolsVersion = 6.3.2;
					};
				};
			};
			buildConfigurationList = 006A5F861B318C6E0045395A /* Build configuration list for PBXProject "HaloSDK" */;
			compatibilityVersion = "Xcode 3.2";
			developmentRegion = English;
			hasScannedForEncodings = 0;
			knownRegions = (
				en,
			);
			mainGroup = 006A5F821B318C6E0045395A;
			productRefGroup = 006A5F8D1B318C6E0045395A /* Products */;
			projectDirPath = "";
			projectRoot = "";
			targets = (
				006A5FAC1B318CAC0045395A /* Halo */,
				006A5FB61B318CAC0045395A /* HaloTests */,
				004790F81C915C6C00C24741 /* HaloObjC */,
			);
		};
/* End PBXProject section */

/* Begin PBXResourcesBuildPhase section */
		004790F71C915C6C00C24741 /* Resources */ = {
			isa = PBXResourcesBuildPhase;
			buildActionMask = 2147483647;
			files = (
			);
			runOnlyForDeploymentPostprocessing = 0;
		};
		006A5FAB1B318CAC0045395A /* Resources */ = {
			isa = PBXResourcesBuildPhase;
			buildActionMask = 2147483647;
			files = (
				00DD96C21BD02F0200AF65CA /* halo.cer in Resources */,
			);
			runOnlyForDeploymentPostprocessing = 0;
		};
		006A5FB51B318CAC0045395A /* Resources */ = {
			isa = PBXResourcesBuildPhase;
			buildActionMask = 2147483647;
			files = (
				005390841B8C67B80036F579 /* module_list_success.json in Resources */,
				0053907E1B8C620B0036F579 /* oauth_success.json in Resources */,
				0082D9C31B98911200298AB8 /* instance_list_success.json in Resources */,
				005390821B8C655C0036F579 /* oauth_failure.json in Resources */,
			);
			runOnlyForDeploymentPostprocessing = 0;
		};
/* End PBXResourcesBuildPhase section */

/* Begin PBXShellScriptBuildPhase section */
		00A34E861BDF9F9E0080DD93 /* Documentation */ = {
			isa = PBXShellScriptBuildPhase;
			buildActionMask = 2147483647;
			files = (
			);
			inputPaths = (
			);
			name = Documentation;
			outputPaths = (
			);
			runOnlyForDeploymentPostprocessing = 0;
			shellPath = /bin/sh;
			shellScript = "#cd ${PROJECT_DIR}/Source;jazzy -m 'Halo SDK' -a 'MOBGEN Technology' -c -o ${PROJECT_DIR}/docs -x '-workspace,../HALO.xcworkspace,-scheme,Halo' --hide-documentation-coverage";
		};
/* End PBXShellScriptBuildPhase section */

/* Begin PBXSourcesBuildPhase section */
		004790F41C915C6C00C24741 /* Sources */ = {
			isa = PBXSourcesBuildPhase;
			buildActionMask = 2147483647;
			files = (
				004791051C915D1100C24741 /* HaloCoreManager.swift in Sources */,
				00396E5D1D535BF300594D0A /* HaloPaginationInfo.swift in Sources */,
				00396E5F1D535BF300594D0A /* HaloModule.swift in Sources */,
				00396E611D53616F00594D0A /* HaloModuleType.swift in Sources */,
				00396E5C1D535BF300594D0A /* HaloRequest.swift in Sources */,
				00396E5E1D535BF300594D0A /* HaloPaginatedModules.swift in Sources */,
				00396E651D53640E00594D0A /* HaloContentInstance.swift in Sources */,
				00396E631D53635600594D0A /* HaloPaginatedContentInstances.swift in Sources */,
				00396E5B1D535BF300594D0A /* HaloContentManager.swift in Sources */,
				004791031C915CD100C24741 /* HaloManager.swift in Sources */,
			);
			runOnlyForDeploymentPostprocessing = 0;
		};
		006A5FA81B318CAC0045395A /* Sources */ = {
			isa = PBXSourcesBuildPhase;
			buildActionMask = 2147483647;
			files = (
				005421661CC76D230055B553 /* UIDevice+Extra.swift in Sources */,
				005677F41CABC8E900B6A4F3 /* SearchOptions.swift in Sources */,
				0073E6581BBE804400365DBD /* HaloAppDelegate.swift in Sources */,
				008DB38B1CEA15D9001D6CDB /* Errors.swift in Sources */,
				0086F52E1B6C20C2001F70DE /* ContentManager.swift in Sources */,
				00BBE04F1CBD2B1500B118AF /* Locale.swift in Sources */,
				00E043CF1C848723008270DE /* CoreManager.swift in Sources */,
				00396E3B1D51E9EE00594D0A /* MobileProvisionParser.swift in Sources */,
				005E1ED61C69FFE800ED8763 /* Result.swift in Sources */,
				00E508391CB691EB00B4B5AE /* SearchFilter.swift in Sources */,
				005421691CC785210055B553 /* Protocols.swift in Sources */,
				005421651CC76D230055B553 /* NSURLRequest+cURL.swift in Sources */,
				00396E471D53253600594D0A /* PaginatedModules.swift in Sources */,
				00396E4B1D5328B300594D0A /* PaginatedContentInstances.swift in Sources */,
				00FF95621B4547D200E751E3 /* CoreConstants.swift in Sources */,
				00396E491D53255500594D0A /* PaginationInfo.swift in Sources */,
				0094A3201B70A6A600DED864 /* NetworkManager.swift in Sources */,
				006CB9B81B870FC400EB872E /* Tag.swift in Sources */,
				006CB9B61B870FB800EB872E /* User.swift in Sources */,
				00121E8F1BF33B5C00FD656F /* CoreManager+Modules.swift in Sources */,
				006264371D5B053D0036F227 /* NetworkDataProvider.swift in Sources */,
				007F78FF1B71F844004D1C22 /* ContentInstance.swift in Sources */,
				006A60221B318DCC0045395A /* Manager.swift in Sources */,
				006CB9BA1B87116D00EB872E /* UserDevice.swift in Sources */,
				0090DFD11C89E08200BAF181 /* CloudinaryURLOptions.swift in Sources */,
				003B75F81C969E9800F05202 /* ParameterEncoding.swift in Sources */,
				000827011B6A57A5001E8248 /* ModuleType.swift in Sources */,
				004C73C51D09657A005A14FB /* SearchFilterHelper.swift in Sources */,
				005390861B8DB7590036F579 /* NetworkManager+User.swift in Sources */,
				00EC9D371C43F72F00A3291D /* Credentials.swift in Sources */,
				005421671CC76D230055B553 /* UIImage+Async.swift in Sources */,
				006264391D5B05F50036F227 /* Request.swift in Sources */,
				005421641CC76D230055B553 /* NSDate+Utils.swift in Sources */,
				000826FF1B6A34DE001E8248 /* Router.swift in Sources */,
				0045393B1B67E8170060C30B /* Module.swift in Sources */,
				006264351D5B049D0036F227 /* DataProvider.swift in Sources */,
				0090DFCF1C89BF9500BAF181 /* CloudinaryURL.swift in Sources */,
				0068D27C1B6778CA00B1E147 /* Token.swift in Sources */,
			);
			runOnlyForDeploymentPostprocessing = 0;
		};
		006A5FB31B318CAC0045395A /* Sources */ = {
			isa = PBXSourcesBuildPhase;
			buildActionMask = 2147483647;
			files = (
				0082D9C11B987BE400298AB8 /* ModelSpec.swift in Sources */,
				006A5FBF1B318CAC0045395A /* CoreSpec.swift in Sources */,
				005DF3121B998BB500149B40 /* GeneralContentSpec.swift in Sources */,
			);
			runOnlyForDeploymentPostprocessing = 0;
		};
/* End PBXSourcesBuildPhase section */

/* Begin PBXTargetDependency section */
		0047913C1C9179F000C24741 /* PBXTargetDependency */ = {
			isa = PBXTargetDependency;
			target = 006A5FAC1B318CAC0045395A /* Halo */;
			targetProxy = 0047913B1C9179F000C24741 /* PBXContainerItemProxy */;
		};
		0091C0151B779CDE0054EA75 /* PBXTargetDependency */ = {
			isa = PBXTargetDependency;
			target = 006A5FAC1B318CAC0045395A /* Halo */;
			targetProxy = 0091C0141B779CDE0054EA75 /* PBXContainerItemProxy */;
		};
/* End PBXTargetDependency section */

/* Begin XCBuildConfiguration section */
		004790FF1C915C6C00C24741 /* Debug */ = {
			isa = XCBuildConfiguration;
			buildSettings = {
				CLANG_ENABLE_MODULES = YES;
				"CODE_SIGN_IDENTITY[sdk=iphoneos*]" = "iPhone Developer";
				DEBUG_INFORMATION_FORMAT = dwarf;
				DEFINES_MODULE = YES;
				DYLIB_COMPATIBILITY_VERSION = 1;
				DYLIB_CURRENT_VERSION = 1;
				DYLIB_INSTALL_NAME_BASE = "@rpath";
				ENABLE_BITCODE = NO;
				INFOPLIST_FILE = "$(SRCROOT)/Source/Resources/Info.plist";
				INSTALL_PATH = "$(LOCAL_LIBRARY_DIR)/Frameworks";
				IPHONEOS_DEPLOYMENT_TARGET = 8.0;
				LD_RUNPATH_SEARCH_PATHS = "$(inherited) @executable_path/Frameworks @loader_path/Frameworks";
				PRODUCT_BUNDLE_IDENTIFIER = com.mobgen.HaloObjC;
				PRODUCT_NAME = "$(TARGET_NAME)";
				SKIP_INSTALL = YES;
			};
			name = Debug;
		};
		004791001C915C6C00C24741 /* Release */ = {
			isa = XCBuildConfiguration;
			buildSettings = {
				CLANG_ENABLE_MODULES = YES;
				"CODE_SIGN_IDENTITY[sdk=iphoneos*]" = "iPhone Developer";
				DEFINES_MODULE = YES;
				DYLIB_COMPATIBILITY_VERSION = 1;
				DYLIB_CURRENT_VERSION = 1;
				DYLIB_INSTALL_NAME_BASE = "@rpath";
				ENABLE_BITCODE = NO;
				INFOPLIST_FILE = "$(SRCROOT)/Source/Resources/Info.plist";
				INSTALL_PATH = "$(LOCAL_LIBRARY_DIR)/Frameworks";
				IPHONEOS_DEPLOYMENT_TARGET = 8.0;
				LD_RUNPATH_SEARCH_PATHS = "$(inherited) @executable_path/Frameworks @loader_path/Frameworks";
				PRODUCT_BUNDLE_IDENTIFIER = com.mobgen.HaloObjC;
				PRODUCT_NAME = "$(TARGET_NAME)";
				SKIP_INSTALL = YES;
			};
			name = Release;
		};
		006A5FA01B318C6E0045395A /* Debug */ = {
			isa = XCBuildConfiguration;
			buildSettings = {
				ALWAYS_SEARCH_USER_PATHS = NO;
				CLANG_CXX_LANGUAGE_STANDARD = "gnu++0x";
				CLANG_CXX_LIBRARY = "libc++";
				CLANG_ENABLE_MODULES = YES;
				CLANG_ENABLE_OBJC_ARC = YES;
				CLANG_MODULES_AUTOLINK = NO;
				CLANG_WARN_BOOL_CONVERSION = YES;
				CLANG_WARN_CONSTANT_CONVERSION = YES;
				CLANG_WARN_DIRECT_OBJC_ISA_USAGE = YES_ERROR;
				CLANG_WARN_EMPTY_BODY = YES;
				CLANG_WARN_ENUM_CONVERSION = YES;
				CLANG_WARN_INT_CONVERSION = YES;
				CLANG_WARN_OBJC_ROOT_CLASS = YES_ERROR;
				CLANG_WARN_UNREACHABLE_CODE = YES;
				CLANG_WARN__DUPLICATE_METHOD_MATCH = YES;
				COPY_PHASE_STRIP = NO;
				CURRENT_PROJECT_VERSION = 1;
				DEBUG_INFORMATION_FORMAT = "dwarf-with-dsym";
				DYLIB_INSTALL_NAME_BASE = "@rpath";
				ENABLE_STRICT_OBJC_MSGSEND = YES;
				ENABLE_TESTABILITY = YES;
				GCC_C_LANGUAGE_STANDARD = gnu99;
				GCC_DYNAMIC_NO_PIC = NO;
				GCC_NO_COMMON_BLOCKS = YES;
				GCC_OPTIMIZATION_LEVEL = 0;
				GCC_PREPROCESSOR_DEFINITIONS = (
					"DEBUG=1",
					"$(inherited)",
				);
				GCC_SYMBOLS_PRIVATE_EXTERN = NO;
				GCC_WARN_64_TO_32_BIT_CONVERSION = YES;
				GCC_WARN_ABOUT_RETURN_TYPE = YES_ERROR;
				GCC_WARN_UNDECLARED_SELECTOR = YES;
				GCC_WARN_UNINITIALIZED_AUTOS = YES_AGGRESSIVE;
				GCC_WARN_UNUSED_FUNCTION = YES;
				GCC_WARN_UNUSED_VARIABLE = YES;
				IPHONEOS_DEPLOYMENT_TARGET = 8.3;
				LD_RUNPATH_SEARCH_PATHS = "@executable_path/Frameworks @loader_path/Frameworks";
				MTL_ENABLE_DEBUG_INFO = YES;
				ONLY_ACTIVE_ARCH = YES;
				SDKROOT = iphoneos;
				SKIP_INSTALL = YES;
				SWIFT_OPTIMIZATION_LEVEL = "-Onone";
				TARGETED_DEVICE_FAMILY = "1,2";
				VALID_ARCHS = "arm64 armv7 armv7s";
				VERSIONING_SYSTEM = "apple-generic";
				VERSION_INFO_PREFIX = "";
			};
			name = Debug;
		};
		006A5FA11B318C6E0045395A /* Release */ = {
			isa = XCBuildConfiguration;
			buildSettings = {
				ALWAYS_SEARCH_USER_PATHS = NO;
				CLANG_CXX_LANGUAGE_STANDARD = "gnu++0x";
				CLANG_CXX_LIBRARY = "libc++";
				CLANG_ENABLE_MODULES = YES;
				CLANG_ENABLE_OBJC_ARC = YES;
				CLANG_MODULES_AUTOLINK = NO;
				CLANG_WARN_BOOL_CONVERSION = YES;
				CLANG_WARN_CONSTANT_CONVERSION = YES;
				CLANG_WARN_DIRECT_OBJC_ISA_USAGE = YES_ERROR;
				CLANG_WARN_EMPTY_BODY = YES;
				CLANG_WARN_ENUM_CONVERSION = YES;
				CLANG_WARN_INT_CONVERSION = YES;
				CLANG_WARN_OBJC_ROOT_CLASS = YES_ERROR;
				CLANG_WARN_UNREACHABLE_CODE = YES;
				CLANG_WARN__DUPLICATE_METHOD_MATCH = YES;
				COPY_PHASE_STRIP = NO;
				CURRENT_PROJECT_VERSION = 1;
				DEBUG_INFORMATION_FORMAT = "dwarf-with-dsym";
				DYLIB_INSTALL_NAME_BASE = "@rpath";
				ENABLE_NS_ASSERTIONS = NO;
				ENABLE_STRICT_OBJC_MSGSEND = YES;
				GCC_C_LANGUAGE_STANDARD = gnu99;
				GCC_NO_COMMON_BLOCKS = YES;
				GCC_PREPROCESSOR_DEFINITIONS = "";
				GCC_WARN_64_TO_32_BIT_CONVERSION = YES;
				GCC_WARN_ABOUT_RETURN_TYPE = YES_ERROR;
				GCC_WARN_UNDECLARED_SELECTOR = YES;
				GCC_WARN_UNINITIALIZED_AUTOS = YES_AGGRESSIVE;
				GCC_WARN_UNUSED_FUNCTION = YES;
				GCC_WARN_UNUSED_VARIABLE = YES;
				IPHONEOS_DEPLOYMENT_TARGET = 8.3;
				LD_RUNPATH_SEARCH_PATHS = "@executable_path/Frameworks @loader_path/Frameworks";
				MTL_ENABLE_DEBUG_INFO = NO;
				ONLY_ACTIVE_ARCH = NO;
				SDKROOT = iphoneos;
				SKIP_INSTALL = YES;
				SWIFT_OPTIMIZATION_LEVEL = "-Owholemodule";
				TARGETED_DEVICE_FAMILY = "1,2";
				VALIDATE_PRODUCT = YES;
				VALID_ARCHS = "arm64 armv7 armv7s";
				VERSIONING_SYSTEM = "apple-generic";
				VERSION_INFO_PREFIX = "";
			};
			name = Release;
		};
		006A5FC11B318CAC0045395A /* Debug */ = {
			isa = XCBuildConfiguration;
			buildSettings = {
				CLANG_ENABLE_MODULES = YES;
				CODE_SIGN_IDENTITY = "iPhone Developer";
				DEFINES_MODULE = YES;
				DYLIB_COMPATIBILITY_VERSION = 1;
				DYLIB_CURRENT_VERSION = 1;
				INFOPLIST_FILE = "$(SRCROOT)/Source/Resources/Info.plist";
				IPHONEOS_DEPLOYMENT_TARGET = 8.0;
				OTHER_SWIFT_FLAGS = "-DDEBUG";
				PRODUCT_BUNDLE_IDENTIFIER = com.mobgen.Halo;
				PRODUCT_NAME = "$(TARGET_NAME)";
				USER_HEADER_SEARCH_PATHS = "";
			};
			name = Debug;
		};
		006A5FC21B318CAC0045395A /* Release */ = {
			isa = XCBuildConfiguration;
			buildSettings = {
				CLANG_ENABLE_MODULES = YES;
				CODE_SIGN_IDENTITY = "iPhone Distribution";
				DEFINES_MODULE = YES;
				DYLIB_COMPATIBILITY_VERSION = 1;
				DYLIB_CURRENT_VERSION = 1;
				INFOPLIST_FILE = "$(SRCROOT)/Source/Resources/Info.plist";
				IPHONEOS_DEPLOYMENT_TARGET = 8.0;
				PRODUCT_BUNDLE_IDENTIFIER = com.mobgen.Halo;
				PRODUCT_NAME = "$(TARGET_NAME)";
				USER_HEADER_SEARCH_PATHS = "";
			};
			name = Release;
		};
		006A5FC41B318CAC0045395A /* Debug */ = {
			isa = XCBuildConfiguration;
			buildSettings = {
				EMBEDDED_CONTENT_CONTAINS_SWIFT = YES;
				FRAMEWORK_SEARCH_PATHS = (
					"$(inherited)",
					"$(PROJECT_DIR)/Carthage/Build/iOS",
				);
				GCC_INSTRUMENT_PROGRAM_FLOW_ARCS = YES;
				ONLY_ACTIVE_ARCH = NO;
				PRODUCT_NAME = "$(TARGET_NAME)";
			};
			name = Debug;
		};
		006A5FC51B318CAC0045395A /* Release */ = {
			isa = XCBuildConfiguration;
			buildSettings = {
				EMBEDDED_CONTENT_CONTAINS_SWIFT = YES;
				FRAMEWORK_SEARCH_PATHS = (
					"$(inherited)",
					"$(PROJECT_DIR)/Carthage/Build/iOS",
				);
				GCC_INSTRUMENT_PROGRAM_FLOW_ARCS = YES;
				PRODUCT_NAME = "$(TARGET_NAME)";
			};
			name = Release;
		};
/* End XCBuildConfiguration section */

/* Begin XCConfigurationList section */
		004790FE1C915C6C00C24741 /* Build configuration list for PBXNativeTarget "HaloObjC" */ = {
			isa = XCConfigurationList;
			buildConfigurations = (
				004790FF1C915C6C00C24741 /* Debug */,
				004791001C915C6C00C24741 /* Release */,
			);
			defaultConfigurationIsVisible = 0;
			defaultConfigurationName = Release;
		};
		006A5F861B318C6E0045395A /* Build configuration list for PBXProject "HaloSDK" */ = {
			isa = XCConfigurationList;
			buildConfigurations = (
				006A5FA01B318C6E0045395A /* Debug */,
				006A5FA11B318C6E0045395A /* Release */,
			);
			defaultConfigurationIsVisible = 0;
			defaultConfigurationName = Release;
		};
		006A5FC01B318CAC0045395A /* Build configuration list for PBXNativeTarget "Halo" */ = {
			isa = XCConfigurationList;
			buildConfigurations = (
				006A5FC11B318CAC0045395A /* Debug */,
				006A5FC21B318CAC0045395A /* Release */,
			);
			defaultConfigurationIsVisible = 0;
			defaultConfigurationName = Release;
		};
		006A5FC31B318CAC0045395A /* Build configuration list for PBXNativeTarget "HaloTests" */ = {
			isa = XCConfigurationList;
			buildConfigurations = (
				006A5FC41B318CAC0045395A /* Debug */,
				006A5FC51B318CAC0045395A /* Release */,
			);
			defaultConfigurationIsVisible = 0;
			defaultConfigurationName = Release;
		};
/* End XCConfigurationList section */
	};
	rootObject = 006A5F831B318C6E0045395A /* Project object */;
}
